// !$*UTF8*$!
{
	archiveVersion = 1;
	classes = {
	};
	objectVersion = 56;
	objects = {

/* Begin PBXBuildFile section */
		C31CD1152A6692C100975D39 /* ButtonComponentView.swift in Sources */ = {isa = PBXBuildFile; fileRef = C31CD1142A6692C100975D39 /* ButtonComponentView.swift */; };
		C31CD1172A6698C000975D39 /* TextFieldComponentView.swift in Sources */ = {isa = PBXBuildFile; fileRef = C31CD1162A6698C000975D39 /* TextFieldComponentView.swift */; };
		C31CD1192A669A0800975D39 /* PassFieldComponentView.swift in Sources */ = {isa = PBXBuildFile; fileRef = C31CD1182A669A0800975D39 /* PassFieldComponentView.swift */; };
		C31CD11B2A66B54D00975D39 /* LinkTextComponentView.swift in Sources */ = {isa = PBXBuildFile; fileRef = C31CD11A2A66B54D00975D39 /* LinkTextComponentView.swift */; };
		C31CD11D2A66B8A500975D39 /* TitleTextComponentView.swift in Sources */ = {isa = PBXBuildFile; fileRef = C31CD11C2A66B8A500975D39 /* TitleTextComponentView.swift */; };
		C336AAB62A66CF2A008B6473 /* CreateAccountView.swift in Sources */ = {isa = PBXBuildFile; fileRef = C336AAB52A66CF2A008B6473 /* CreateAccountView.swift */; };
		C3CAA4F52A657BCE00C1D3B7 /* CryptoWalletApp.swift in Sources */ = {isa = PBXBuildFile; fileRef = C3CAA4F42A657BCE00C1D3B7 /* CryptoWalletApp.swift */; };
		C3CAA4F72A657BCE00C1D3B7 /* LoginView.swift in Sources */ = {isa = PBXBuildFile; fileRef = C3CAA4F62A657BCE00C1D3B7 /* LoginView.swift */; };
		C3CAA4F92A657BCF00C1D3B7 /* Assets.xcassets in Resources */ = {isa = PBXBuildFile; fileRef = C3CAA4F82A657BCF00C1D3B7 /* Assets.xcassets */; };
		C3CAA4FC2A657BCF00C1D3B7 /* Preview Assets.xcassets in Resources */ = {isa = PBXBuildFile; fileRef = C3CAA4FB2A657BCF00C1D3B7 /* Preview Assets.xcassets */; };
		C3CAA5062A657BCF00C1D3B7 /* CryptoWalletTests.swift in Sources */ = {isa = PBXBuildFile; fileRef = C3CAA5052A657BCF00C1D3B7 /* CryptoWalletTests.swift */; };
		C3CAA5102A657BCF00C1D3B7 /* CryptoWalletUITests.swift in Sources */ = {isa = PBXBuildFile; fileRef = C3CAA50F2A657BCF00C1D3B7 /* CryptoWalletUITests.swift */; };
		C3CAA5122A657BCF00C1D3B7 /* CryptoWalletUITestsLaunchTests.swift in Sources */ = {isa = PBXBuildFile; fileRef = C3CAA5112A657BCF00C1D3B7 /* CryptoWalletUITestsLaunchTests.swift */; };
/* End PBXBuildFile section */

/* Begin PBXContainerItemProxy section */
		C3CAA5022A657BCF00C1D3B7 /* PBXContainerItemProxy */ = {
			isa = PBXContainerItemProxy;
			containerPortal = C3CAA4E92A657BCE00C1D3B7 /* Project object */;
			proxyType = 1;
			remoteGlobalIDString = C3CAA4F02A657BCE00C1D3B7;
			remoteInfo = CryptoWallet;
		};
		C3CAA50C2A657BCF00C1D3B7 /* PBXContainerItemProxy */ = {
			isa = PBXContainerItemProxy;
			containerPortal = C3CAA4E92A657BCE00C1D3B7 /* Project object */;
			proxyType = 1;
			remoteGlobalIDString = C3CAA4F02A657BCE00C1D3B7;
			remoteInfo = CryptoWallet;
		};
/* End PBXContainerItemProxy section */

/* Begin PBXFileReference section */
		C31CD1142A6692C100975D39 /* ButtonComponentView.swift */ = {isa = PBXFileReference; lastKnownFileType = sourcecode.swift; path = ButtonComponentView.swift; sourceTree = "<group>"; };
		C31CD1162A6698C000975D39 /* TextFieldComponentView.swift */ = {isa = PBXFileReference; lastKnownFileType = sourcecode.swift; path = TextFieldComponentView.swift; sourceTree = "<group>"; };
		C31CD1182A669A0800975D39 /* PassFieldComponentView.swift */ = {isa = PBXFileReference; lastKnownFileType = sourcecode.swift; path = PassFieldComponentView.swift; sourceTree = "<group>"; };
		C31CD11A2A66B54D00975D39 /* LinkTextComponentView.swift */ = {isa = PBXFileReference; lastKnownFileType = sourcecode.swift; path = LinkTextComponentView.swift; sourceTree = "<group>"; };
		C31CD11C2A66B8A500975D39 /* TitleTextComponentView.swift */ = {isa = PBXFileReference; lastKnownFileType = sourcecode.swift; path = TitleTextComponentView.swift; sourceTree = "<group>"; };
		C336AAB52A66CF2A008B6473 /* CreateAccountView.swift */ = {isa = PBXFileReference; lastKnownFileType = sourcecode.swift; path = CreateAccountView.swift; sourceTree = "<group>"; };
		C3CAA4F12A657BCE00C1D3B7 /* CryptoWallet.app */ = {isa = PBXFileReference; explicitFileType = wrapper.application; includeInIndex = 0; path = CryptoWallet.app; sourceTree = BUILT_PRODUCTS_DIR; };
		C3CAA4F42A657BCE00C1D3B7 /* CryptoWalletApp.swift */ = {isa = PBXFileReference; lastKnownFileType = sourcecode.swift; path = CryptoWalletApp.swift; sourceTree = "<group>"; };
		C3CAA4F62A657BCE00C1D3B7 /* LoginView.swift */ = {isa = PBXFileReference; lastKnownFileType = sourcecode.swift; path = LoginView.swift; sourceTree = "<group>"; };
		C3CAA4F82A657BCF00C1D3B7 /* Assets.xcassets */ = {isa = PBXFileReference; lastKnownFileType = folder.assetcatalog; path = Assets.xcassets; sourceTree = "<group>"; };
		C3CAA4FB2A657BCF00C1D3B7 /* Preview Assets.xcassets */ = {isa = PBXFileReference; lastKnownFileType = folder.assetcatalog; path = "Preview Assets.xcassets"; sourceTree = "<group>"; };
		C3CAA5012A657BCF00C1D3B7 /* CryptoWalletTests.xctest */ = {isa = PBXFileReference; explicitFileType = wrapper.cfbundle; includeInIndex = 0; path = CryptoWalletTests.xctest; sourceTree = BUILT_PRODUCTS_DIR; };
		C3CAA5052A657BCF00C1D3B7 /* CryptoWalletTests.swift */ = {isa = PBXFileReference; lastKnownFileType = sourcecode.swift; path = CryptoWalletTests.swift; sourceTree = "<group>"; };
		C3CAA50B2A657BCF00C1D3B7 /* CryptoWalletUITests.xctest */ = {isa = PBXFileReference; explicitFileType = wrapper.cfbundle; includeInIndex = 0; path = CryptoWalletUITests.xctest; sourceTree = BUILT_PRODUCTS_DIR; };
		C3CAA50F2A657BCF00C1D3B7 /* CryptoWalletUITests.swift */ = {isa = PBXFileReference; lastKnownFileType = sourcecode.swift; path = CryptoWalletUITests.swift; sourceTree = "<group>"; };
		C3CAA5112A657BCF00C1D3B7 /* CryptoWalletUITestsLaunchTests.swift */ = {isa = PBXFileReference; lastKnownFileType = sourcecode.swift; path = CryptoWalletUITestsLaunchTests.swift; sourceTree = "<group>"; };
/* End PBXFileReference section */

/* Begin PBXFrameworksBuildPhase section */
		C3CAA4EE2A657BCE00C1D3B7 /* Frameworks */ = {
			isa = PBXFrameworksBuildPhase;
			buildActionMask = 2147483647;
			files = (
			);
			runOnlyForDeploymentPostprocessing = 0;
		};
		C3CAA4FE2A657BCF00C1D3B7 /* Frameworks */ = {
			isa = PBXFrameworksBuildPhase;
			buildActionMask = 2147483647;
			files = (
			);
			runOnlyForDeploymentPostprocessing = 0;
		};
		C3CAA5082A657BCF00C1D3B7 /* Frameworks */ = {
			isa = PBXFrameworksBuildPhase;
			buildActionMask = 2147483647;
			files = (
			);
			runOnlyForDeploymentPostprocessing = 0;
		};
/* End PBXFrameworksBuildPhase section */

/* Begin PBXGroup section */
		C31CD1122A668ECF00975D39 /* View */ = {
			isa = PBXGroup;
			children = (
				C31CD1132A6690C600975D39 /* Components */,
				C3CAA4F62A657BCE00C1D3B7 /* LoginView.swift */,
				C336AAB52A66CF2A008B6473 /* CreateAccountView.swift */,
			);
			path = View;
			sourceTree = "<group>";
		};
		C31CD1132A6690C600975D39 /* Components */ = {
			isa = PBXGroup;
			children = (
				C31CD1142A6692C100975D39 /* ButtonComponentView.swift */,
				C31CD1162A6698C000975D39 /* TextFieldComponentView.swift */,
				C31CD1182A669A0800975D39 /* PassFieldComponentView.swift */,
				C31CD11A2A66B54D00975D39 /* LinkTextComponentView.swift */,
				C31CD11C2A66B8A500975D39 /* TitleTextComponentView.swift */,
			);
			path = Components;
			sourceTree = "<group>";
		};
		C3CAA4E82A657BCE00C1D3B7 = {
			isa = PBXGroup;
			children = (
				C3CAA4F32A657BCE00C1D3B7 /* CryptoWallet */,
				C3CAA5042A657BCF00C1D3B7 /* CryptoWalletTests */,
				C3CAA50E2A657BCF00C1D3B7 /* CryptoWalletUITests */,
				C3CAA4F22A657BCE00C1D3B7 /* Products */,
			);
			sourceTree = "<group>";
		};
		C3CAA4F22A657BCE00C1D3B7 /* Products */ = {
			isa = PBXGroup;
			children = (
				C3CAA4F12A657BCE00C1D3B7 /* CryptoWallet.app */,
				C3CAA5012A657BCF00C1D3B7 /* CryptoWalletTests.xctest */,
				C3CAA50B2A657BCF00C1D3B7 /* CryptoWalletUITests.xctest */,
			);
			name = Products;
			sourceTree = "<group>";
		};
		C3CAA4F32A657BCE00C1D3B7 /* CryptoWallet */ = {
			isa = PBXGroup;
			children = (
				C31CD1122A668ECF00975D39 /* View */,
				C3CAA4F42A657BCE00C1D3B7 /* CryptoWalletApp.swift */,
				C3CAA4F82A657BCF00C1D3B7 /* Assets.xcassets */,
				C3CAA4FA2A657BCF00C1D3B7 /* Preview Content */,
			);
			path = CryptoWallet;
			sourceTree = "<group>";
		};
		C3CAA4FA2A657BCF00C1D3B7 /* Preview Content */ = {
			isa = PBXGroup;
			children = (
				C3CAA4FB2A657BCF00C1D3B7 /* Preview Assets.xcassets */,
			);
			path = "Preview Content";
			sourceTree = "<group>";
		};
		C3CAA5042A657BCF00C1D3B7 /* CryptoWalletTests */ = {
			isa = PBXGroup;
			children = (
				C3CAA5052A657BCF00C1D3B7 /* CryptoWalletTests.swift */,
			);
			path = CryptoWalletTests;
			sourceTree = "<group>";
		};
		C3CAA50E2A657BCF00C1D3B7 /* CryptoWalletUITests */ = {
			isa = PBXGroup;
			children = (
				C3CAA50F2A657BCF00C1D3B7 /* CryptoWalletUITests.swift */,
				C3CAA5112A657BCF00C1D3B7 /* CryptoWalletUITestsLaunchTests.swift */,
			);
			path = CryptoWalletUITests;
			sourceTree = "<group>";
		};
/* End PBXGroup section */

/* Begin PBXNativeTarget section */
		C3CAA4F02A657BCE00C1D3B7 /* CryptoWallet */ = {
			isa = PBXNativeTarget;
			buildConfigurationList = C3CAA5152A657BCF00C1D3B7 /* Build configuration list for PBXNativeTarget "CryptoWallet" */;
			buildPhases = (
				C3CAA4ED2A657BCE00C1D3B7 /* Sources */,
				C3CAA4EE2A657BCE00C1D3B7 /* Frameworks */,
				C3CAA4EF2A657BCE00C1D3B7 /* Resources */,
			);
			buildRules = (
			);
			dependencies = (
			);
			name = CryptoWallet;
			productName = CryptoWallet;
			productReference = C3CAA4F12A657BCE00C1D3B7 /* CryptoWallet.app */;
			productType = "com.apple.product-type.application";
		};
		C3CAA5002A657BCF00C1D3B7 /* CryptoWalletTests */ = {
			isa = PBXNativeTarget;
			buildConfigurationList = C3CAA5182A657BCF00C1D3B7 /* Build configuration list for PBXNativeTarget "CryptoWalletTests" */;
			buildPhases = (
				C3CAA4FD2A657BCF00C1D3B7 /* Sources */,
				C3CAA4FE2A657BCF00C1D3B7 /* Frameworks */,
				C3CAA4FF2A657BCF00C1D3B7 /* Resources */,
			);
			buildRules = (
			);
			dependencies = (
				C3CAA5032A657BCF00C1D3B7 /* PBXTargetDependency */,
			);
			name = CryptoWalletTests;
			productName = CryptoWalletTests;
			productReference = C3CAA5012A657BCF00C1D3B7 /* CryptoWalletTests.xctest */;
			productType = "com.apple.product-type.bundle.unit-test";
		};
		C3CAA50A2A657BCF00C1D3B7 /* CryptoWalletUITests */ = {
			isa = PBXNativeTarget;
			buildConfigurationList = C3CAA51B2A657BCF00C1D3B7 /* Build configuration list for PBXNativeTarget "CryptoWalletUITests" */;
			buildPhases = (
				C3CAA5072A657BCF00C1D3B7 /* Sources */,
				C3CAA5082A657BCF00C1D3B7 /* Frameworks */,
				C3CAA5092A657BCF00C1D3B7 /* Resources */,
			);
			buildRules = (
			);
			dependencies = (
				C3CAA50D2A657BCF00C1D3B7 /* PBXTargetDependency */,
			);
			name = CryptoWalletUITests;
			productName = CryptoWalletUITests;
			productReference = C3CAA50B2A657BCF00C1D3B7 /* CryptoWalletUITests.xctest */;
			productType = "com.apple.product-type.bundle.ui-testing";
		};
/* End PBXNativeTarget section */

/* Begin PBXProject section */
		C3CAA4E92A657BCE00C1D3B7 /* Project object */ = {
			isa = PBXProject;
			attributes = {
				BuildIndependentTargetsInParallel = 1;
				LastSwiftUpdateCheck = 1420;
				LastUpgradeCheck = 1420;
				TargetAttributes = {
					C3CAA4F02A657BCE00C1D3B7 = {
						CreatedOnToolsVersion = 14.2;
					};
					C3CAA5002A657BCF00C1D3B7 = {
						CreatedOnToolsVersion = 14.2;
						TestTargetID = C3CAA4F02A657BCE00C1D3B7;
					};
					C3CAA50A2A657BCF00C1D3B7 = {
						CreatedOnToolsVersion = 14.2;
						TestTargetID = C3CAA4F02A657BCE00C1D3B7;
					};
				};
			};
			buildConfigurationList = C3CAA4EC2A657BCE00C1D3B7 /* Build configuration list for PBXProject "CryptoWallet" */;
			compatibilityVersion = "Xcode 14.0";
			developmentRegion = en;
			hasScannedForEncodings = 0;
			knownRegions = (
				en,
				Base,
			);
			mainGroup = C3CAA4E82A657BCE00C1D3B7;
			productRefGroup = C3CAA4F22A657BCE00C1D3B7 /* Products */;
			projectDirPath = "";
			projectRoot = "";
			targets = (
				C3CAA4F02A657BCE00C1D3B7 /* CryptoWallet */,
				C3CAA5002A657BCF00C1D3B7 /* CryptoWalletTests */,
				C3CAA50A2A657BCF00C1D3B7 /* CryptoWalletUITests */,
			);
		};
/* End PBXProject section */

/* Begin PBXResourcesBuildPhase section */
		C3CAA4EF2A657BCE00C1D3B7 /* Resources */ = {
			isa = PBXResourcesBuildPhase;
			buildActionMask = 2147483647;
			files = (
				C3CAA4FC2A657BCF00C1D3B7 /* Preview Assets.xcassets in Resources */,
				C3CAA4F92A657BCF00C1D3B7 /* Assets.xcassets in Resources */,
			);
			runOnlyForDeploymentPostprocessing = 0;
		};
		C3CAA4FF2A657BCF00C1D3B7 /* Resources */ = {
			isa = PBXResourcesBuildPhase;
			buildActionMask = 2147483647;
			files = (
			);
			runOnlyForDeploymentPostprocessing = 0;
		};
		C3CAA5092A657BCF00C1D3B7 /* Resources */ = {
			isa = PBXResourcesBuildPhase;
			buildActionMask = 2147483647;
			files = (
			);
			runOnlyForDeploymentPostprocessing = 0;
		};
/* End PBXResourcesBuildPhase section */

/* Begin PBXSourcesBuildPhase section */
		C3CAA4ED2A657BCE00C1D3B7 /* Sources */ = {
			isa = PBXSourcesBuildPhase;
			buildActionMask = 2147483647;
			files = (
				C31CD1192A669A0800975D39 /* PassFieldComponentView.swift in Sources */,
				C31CD11D2A66B8A500975D39 /* TitleTextComponentView.swift in Sources */,
				C3CAA4F72A657BCE00C1D3B7 /* LoginView.swift in Sources */,
				C31CD1152A6692C100975D39 /* ButtonComponentView.swift in Sources */,
				C31CD1172A6698C000975D39 /* TextFieldComponentView.swift in Sources */,
				C3CAA4F52A657BCE00C1D3B7 /* CryptoWalletApp.swift in Sources */,
				C336AAB62A66CF2A008B6473 /* CreateAccountView.swift in Sources */,
				C31CD11B2A66B54D00975D39 /* LinkTextComponentView.swift in Sources */,
			);
			runOnlyForDeploymentPostprocessing = 0;
		};
		C3CAA4FD2A657BCF00C1D3B7 /* Sources */ = {
			isa = PBXSourcesBuildPhase;
			buildActionMask = 2147483647;
			files = (
				C3CAA5062A657BCF00C1D3B7 /* CryptoWalletTests.swift in Sources */,
			);
			runOnlyForDeploymentPostprocessing = 0;
		};
		C3CAA5072A657BCF00C1D3B7 /* Sources */ = {
			isa = PBXSourcesBuildPhase;
			buildActionMask = 2147483647;
			files = (
				C3CAA5122A657BCF00C1D3B7 /* CryptoWalletUITestsLaunchTests.swift in Sources */,
				C3CAA5102A657BCF00C1D3B7 /* CryptoWalletUITests.swift in Sources */,
			);
			runOnlyForDeploymentPostprocessing = 0;
		};
/* End PBXSourcesBuildPhase section */

/* Begin PBXTargetDependency section */
		C3CAA5032A657BCF00C1D3B7 /* PBXTargetDependency */ = {
			isa = PBXTargetDependency;
			target = C3CAA4F02A657BCE00C1D3B7 /* CryptoWallet */;
			targetProxy = C3CAA5022A657BCF00C1D3B7 /* PBXContainerItemProxy */;
		};
		C3CAA50D2A657BCF00C1D3B7 /* PBXTargetDependency */ = {
			isa = PBXTargetDependency;
			target = C3CAA4F02A657BCE00C1D3B7 /* CryptoWallet */;
			targetProxy = C3CAA50C2A657BCF00C1D3B7 /* PBXContainerItemProxy */;
		};
/* End PBXTargetDependency section */

/* Begin XCBuildConfiguration section */
		C3CAA5132A657BCF00C1D3B7 /* Debug */ = {
			isa = XCBuildConfiguration;
			buildSettings = {
				ALWAYS_SEARCH_USER_PATHS = NO;
				CLANG_ANALYZER_NONNULL = YES;
				CLANG_ANALYZER_NUMBER_OBJECT_CONVERSION = YES_AGGRESSIVE;
				CLANG_CXX_LANGUAGE_STANDARD = "gnu++20";
				CLANG_ENABLE_MODULES = YES;
				CLANG_ENABLE_OBJC_ARC = YES;
				CLANG_ENABLE_OBJC_WEAK = YES;
				CLANG_WARN_BLOCK_CAPTURE_AUTORELEASING = YES;
				CLANG_WARN_BOOL_CONVERSION = YES;
				CLANG_WARN_COMMA = YES;
				CLANG_WARN_CONSTANT_CONVERSION = YES;
				CLANG_WARN_DEPRECATED_OBJC_IMPLEMENTATIONS = YES;
				CLANG_WARN_DIRECT_OBJC_ISA_USAGE = YES_ERROR;
				CLANG_WARN_DOCUMENTATION_COMMENTS = YES;
				CLANG_WARN_EMPTY_BODY = YES;
				CLANG_WARN_ENUM_CONVERSION = YES;
				CLANG_WARN_INFINITE_RECURSION = YES;
				CLANG_WARN_INT_CONVERSION = YES;
				CLANG_WARN_NON_LITERAL_NULL_CONVERSION = YES;
				CLANG_WARN_OBJC_IMPLICIT_RETAIN_SELF = YES;
				CLANG_WARN_OBJC_LITERAL_CONVERSION = YES;
				CLANG_WARN_OBJC_ROOT_CLASS = YES_ERROR;
				CLANG_WARN_QUOTED_INCLUDE_IN_FRAMEWORK_HEADER = YES;
				CLANG_WARN_RANGE_LOOP_ANALYSIS = YES;
				CLANG_WARN_STRICT_PROTOTYPES = YES;
				CLANG_WARN_SUSPICIOUS_MOVE = YES;
				CLANG_WARN_UNGUARDED_AVAILABILITY = YES_AGGRESSIVE;
				CLANG_WARN_UNREACHABLE_CODE = YES;
				CLANG_WARN__DUPLICATE_METHOD_MATCH = YES;
				COPY_PHASE_STRIP = NO;
				DEBUG_INFORMATION_FORMAT = dwarf;
				ENABLE_STRICT_OBJC_MSGSEND = YES;
				ENABLE_TESTABILITY = YES;
				GCC_C_LANGUAGE_STANDARD = gnu11;
				GCC_DYNAMIC_NO_PIC = NO;
				GCC_NO_COMMON_BLOCKS = YES;
				GCC_OPTIMIZATION_LEVEL = 0;
				GCC_PREPROCESSOR_DEFINITIONS = (
					"DEBUG=1",
					"$(inherited)",
				);
				GCC_WARN_64_TO_32_BIT_CONVERSION = YES;
				GCC_WARN_ABOUT_RETURN_TYPE = YES_ERROR;
				GCC_WARN_UNDECLARED_SELECTOR = YES;
				GCC_WARN_UNINITIALIZED_AUTOS = YES_AGGRESSIVE;
				GCC_WARN_UNUSED_FUNCTION = YES;
				GCC_WARN_UNUSED_VARIABLE = YES;
				IPHONEOS_DEPLOYMENT_TARGET = 16.2;
				MTL_ENABLE_DEBUG_INFO = INCLUDE_SOURCE;
				MTL_FAST_MATH = YES;
				ONLY_ACTIVE_ARCH = YES;
				SDKROOT = iphoneos;
				SWIFT_ACTIVE_COMPILATION_CONDITIONS = DEBUG;
				SWIFT_OPTIMIZATION_LEVEL = "-Onone";
			};
			name = Debug;
		};
		C3CAA5142A657BCF00C1D3B7 /* Release */ = {
			isa = XCBuildConfiguration;
			buildSettings = {
				ALWAYS_SEARCH_USER_PATHS = NO;
				CLANG_ANALYZER_NONNULL = YES;
				CLANG_ANALYZER_NUMBER_OBJECT_CONVERSION = YES_AGGRESSIVE;
				CLANG_CXX_LANGUAGE_STANDARD = "gnu++20";
				CLANG_ENABLE_MODULES = YES;
				CLANG_ENABLE_OBJC_ARC = YES;
				CLANG_ENABLE_OBJC_WEAK = YES;
				CLANG_WARN_BLOCK_CAPTURE_AUTORELEASING = YES;
				CLANG_WARN_BOOL_CONVERSION = YES;
				CLANG_WARN_COMMA = YES;
				CLANG_WARN_CONSTANT_CONVERSION = YES;
				CLANG_WARN_DEPRECATED_OBJC_IMPLEMENTATIONS = YES;
				CLANG_WARN_DIRECT_OBJC_ISA_USAGE = YES_ERROR;
				CLANG_WARN_DOCUMENTATION_COMMENTS = YES;
				CLANG_WARN_EMPTY_BODY = YES;
				CLANG_WARN_ENUM_CONVERSION = YES;
				CLANG_WARN_INFINITE_RECURSION = YES;
				CLANG_WARN_INT_CONVERSION = YES;
				CLANG_WARN_NON_LITERAL_NULL_CONVERSION = YES;
				CLANG_WARN_OBJC_IMPLICIT_RETAIN_SELF = YES;
				CLANG_WARN_OBJC_LITERAL_CONVERSION = YES;
				CLANG_WARN_OBJC_ROOT_CLASS = YES_ERROR;
				CLANG_WARN_QUOTED_INCLUDE_IN_FRAMEWORK_HEADER = YES;
				CLANG_WARN_RANGE_LOOP_ANALYSIS = YES;
				CLANG_WARN_STRICT_PROTOTYPES = YES;
				CLANG_WARN_SUSPICIOUS_MOVE = YES;
				CLANG_WARN_UNGUARDED_AVAILABILITY = YES_AGGRESSIVE;
				CLANG_WARN_UNREACHABLE_CODE = YES;
				CLANG_WARN__DUPLICATE_METHOD_MATCH = YES;
				COPY_PHASE_STRIP = NO;
				DEBUG_INFORMATION_FORMAT = "dwarf-with-dsym";
				ENABLE_NS_ASSERTIONS = NO;
				ENABLE_STRICT_OBJC_MSGSEND = YES;
				GCC_C_LANGUAGE_STANDARD = gnu11;
				GCC_NO_COMMON_BLOCKS = YES;
				GCC_WARN_64_TO_32_BIT_CONVERSION = YES;
				GCC_WARN_ABOUT_RETURN_TYPE = YES_ERROR;
				GCC_WARN_UNDECLARED_SELECTOR = YES;
				GCC_WARN_UNINITIALIZED_AUTOS = YES_AGGRESSIVE;
				GCC_WARN_UNUSED_FUNCTION = YES;
				GCC_WARN_UNUSED_VARIABLE = YES;
				IPHONEOS_DEPLOYMENT_TARGET = 16.2;
				MTL_ENABLE_DEBUG_INFO = NO;
				MTL_FAST_MATH = YES;
				SDKROOT = iphoneos;
				SWIFT_COMPILATION_MODE = wholemodule;
				SWIFT_OPTIMIZATION_LEVEL = "-O";
				VALIDATE_PRODUCT = YES;
			};
			name = Release;
		};
		C3CAA5162A657BCF00C1D3B7 /* Debug */ = {
			isa = XCBuildConfiguration;
			buildSettings = {
				ASSETCATALOG_COMPILER_APPICON_NAME = AppIcon;
				ASSETCATALOG_COMPILER_GLOBAL_ACCENT_COLOR_NAME = AccentColor;
				CODE_SIGN_STYLE = Automatic;
				CURRENT_PROJECT_VERSION = 1;
				DEVELOPMENT_ASSET_PATHS = "\"CryptoWallet/Preview Content\"";
				ENABLE_PREVIEWS = YES;
				GENERATE_INFOPLIST_FILE = YES;
				INFOPLIST_KEY_UIApplicationSceneManifest_Generation = YES;
				INFOPLIST_KEY_UIApplicationSupportsIndirectInputEvents = YES;
				INFOPLIST_KEY_UILaunchScreen_Generation = YES;
				INFOPLIST_KEY_UISupportedInterfaceOrientations_iPad = "UIInterfaceOrientationPortrait UIInterfaceOrientationPortraitUpsideDown UIInterfaceOrientationLandscapeLeft UIInterfaceOrientationLandscapeRight";
				INFOPLIST_KEY_UISupportedInterfaceOrientations_iPhone = "UIInterfaceOrientationPortrait UIInterfaceOrientationLandscapeLeft UIInterfaceOrientationLandscapeRight";
				LD_RUNPATH_SEARCH_PATHS = (
					"$(inherited)",
					"@executable_path/Frameworks",
				);
				MARKETING_VERSION = 1.0;
				PRODUCT_BUNDLE_IDENTIFIER = com.djordjevujicicpraksa.com.CryptoWallet;
				PRODUCT_NAME = "$(TARGET_NAME)";
				SWIFT_EMIT_LOC_STRINGS = YES;
				SWIFT_VERSION = 5.0;
				TARGETED_DEVICE_FAMILY = "1,2";
			};
			name = Debug;
		};
		C3CAA5172A657BCF00C1D3B7 /* Release */ = {
			isa = XCBuildConfiguration;
			buildSettings = {
				ASSETCATALOG_COMPILER_APPICON_NAME = AppIcon;
				ASSETCATALOG_COMPILER_GLOBAL_ACCENT_COLOR_NAME = AccentColor;
				CODE_SIGN_STYLE = Automatic;
				CURRENT_PROJECT_VERSION = 1;
				DEVELOPMENT_ASSET_PATHS = "\"CryptoWallet/Preview Content\"";
				ENABLE_PREVIEWS = YES;
				GENERATE_INFOPLIST_FILE = YES;
				INFOPLIST_KEY_UIApplicationSceneManifest_Generation = YES;
				INFOPLIST_KEY_UIApplicationSupportsIndirectInputEvents = YES;
				INFOPLIST_KEY_UILaunchScreen_Generation = YES;
				INFOPLIST_KEY_UISupportedInterfaceOrientations_iPad = "UIInterfaceOrientationPortrait UIInterfaceOrientationPortraitUpsideDown UIInterfaceOrientationLandscapeLeft UIInterfaceOrientationLandscapeRight";
				INFOPLIST_KEY_UISupportedInterfaceOrientations_iPhone = "UIInterfaceOrientationPortrait UIInterfaceOrientationLandscapeLeft UIInterfaceOrientationLandscapeRight";
				LD_RUNPATH_SEARCH_PATHS = (
					"$(inherited)",
					"@executable_path/Frameworks",
				);
				MARKETING_VERSION = 1.0;
				PRODUCT_BUNDLE_IDENTIFIER = com.djordjevujicicpraksa.com.CryptoWallet;
				PRODUCT_NAME = "$(TARGET_NAME)";
				SWIFT_EMIT_LOC_STRINGS = YES;
				SWIFT_VERSION = 5.0;
				TARGETED_DEVICE_FAMILY = "1,2";
			};
			name = Release;
		};
		C3CAA5192A657BCF00C1D3B7 /* Debug */ = {
			isa = XCBuildConfiguration;
			buildSettings = {
				ALWAYS_EMBED_SWIFT_STANDARD_LIBRARIES = YES;
				BUNDLE_LOADER = "$(TEST_HOST)";
				CODE_SIGN_STYLE = Automatic;
				CURRENT_PROJECT_VERSION = 1;
				GENERATE_INFOPLIST_FILE = YES;
				IPHONEOS_DEPLOYMENT_TARGET = 16.2;
				MARKETING_VERSION = 1.0;
				PRODUCT_BUNDLE_IDENTIFIER = com.djordjevujicicpraksa.com.CryptoWalletTests;
				PRODUCT_NAME = "$(TARGET_NAME)";
				SWIFT_EMIT_LOC_STRINGS = NO;
				SWIFT_VERSION = 5.0;
				TARGETED_DEVICE_FAMILY = "1,2";
				TEST_HOST = "$(BUILT_PRODUCTS_DIR)/CryptoWallet.app/$(BUNDLE_EXECUTABLE_FOLDER_PATH)/CryptoWallet";
			};
			name = Debug;
		};
		C3CAA51A2A657BCF00C1D3B7 /* Release */ = {
			isa = XCBuildConfiguration;
			buildSettings = {
				ALWAYS_EMBED_SWIFT_STANDARD_LIBRARIES = YES;
				BUNDLE_LOADER = "$(TEST_HOST)";
				CODE_SIGN_STYLE = Automatic;
				CURRENT_PROJECT_VERSION = 1;
				GENERATE_INFOPLIST_FILE = YES;
				IPHONEOS_DEPLOYMENT_TARGET = 16.2;
				MARKETING_VERSION = 1.0;
				PRODUCT_BUNDLE_IDENTIFIER = com.djordjevujicicpraksa.com.CryptoWalletTests;
				PRODUCT_NAME = "$(TARGET_NAME)";
				SWIFT_EMIT_LOC_STRINGS = NO;
				SWIFT_VERSION = 5.0;
				TARGETED_DEVICE_FAMILY = "1,2";
				TEST_HOST = "$(BUILT_PRODUCTS_DIR)/CryptoWallet.app/$(BUNDLE_EXECUTABLE_FOLDER_PATH)/CryptoWallet";
			};
			name = Release;
		};
		C3CAA51C2A657BCF00C1D3B7 /* Debug */ = {
			isa = XCBuildConfiguration;
			buildSettings = {
				ALWAYS_EMBED_SWIFT_STANDARD_LIBRARIES = YES;
				CODE_SIGN_STYLE = Automatic;
				CURRENT_PROJECT_VERSION = 1;
				GENERATE_INFOPLIST_FILE = YES;
				MARKETING_VERSION = 1.0;
				PRODUCT_BUNDLE_IDENTIFIER = com.djordjevujicicpraksa.com.CryptoWalletUITests;
				PRODUCT_NAME = "$(TARGET_NAME)";
				SWIFT_EMIT_LOC_STRINGS = NO;
				SWIFT_VERSION = 5.0;
				TARGETED_DEVICE_FAMILY = "1,2";
				TEST_TARGET_NAME = CryptoWallet;
			};
			name = Debug;
		};
		C3CAA51D2A657BCF00C1D3B7 /* Release */ = {
			isa = XCBuildConfiguration;
			buildSettings = {
				ALWAYS_EMBED_SWIFT_STANDARD_LIBRARIES = YES;
				CODE_SIGN_STYLE = Automatic;
				CURRENT_PROJECT_VERSION = 1;
				GENERATE_INFOPLIST_FILE = YES;
				MARKETING_VERSION = 1.0;
				PRODUCT_BUNDLE_IDENTIFIER = com.djordjevujicicpraksa.com.CryptoWalletUITests;
				PRODUCT_NAME = "$(TARGET_NAME)";
				SWIFT_EMIT_LOC_STRINGS = NO;
				SWIFT_VERSION = 5.0;
				TARGETED_DEVICE_FAMILY = "1,2";
				TEST_TARGET_NAME = CryptoWallet;
			};
			name = Release;
		};
/* End XCBuildConfiguration section */

/* Begin XCConfigurationList section */
		C3CAA4EC2A657BCE00C1D3B7 /* Build configuration list for PBXProject "CryptoWallet" */ = {
			isa = XCConfigurationList;
			buildConfigurations = (
				C3CAA5132A657BCF00C1D3B7 /* Debug */,
				C3CAA5142A657BCF00C1D3B7 /* Release */,
			);
			defaultConfigurationIsVisible = 0;
			defaultConfigurationName = Release;
		};
		C3CAA5152A657BCF00C1D3B7 /* Build configuration list for PBXNativeTarget "CryptoWallet" */ = {
			isa = XCConfigurationList;
			buildConfigurations = (
				C3CAA5162A657BCF00C1D3B7 /* Debug */,
				C3CAA5172A657BCF00C1D3B7 /* Release */,
			);
			defaultConfigurationIsVisible = 0;
			defaultConfigurationName = Release;
		};
		C3CAA5182A657BCF00C1D3B7 /* Build configuration list for PBXNativeTarget "CryptoWalletTests" */ = {
			isa = XCConfigurationList;
			buildConfigurations = (
				C3CAA5192A657BCF00C1D3B7 /* Debug */,
				C3CAA51A2A657BCF00C1D3B7 /* Release */,
			);
			defaultConfigurationIsVisible = 0;
			defaultConfigurationName = Release;
		};
		C3CAA51B2A657BCF00C1D3B7 /* Build configuration list for PBXNativeTarget "CryptoWalletUITests" */ = {
			isa = XCConfigurationList;
			buildConfigurations = (
				C3CAA51C2A657BCF00C1D3B7 /* Debug */,
				C3CAA51D2A657BCF00C1D3B7 /* Release */,
			);
			defaultConfigurationIsVisible = 0;
			defaultConfigurationName = Release;
		};
/* End XCConfigurationList section */
	};
	rootObject = C3CAA4E92A657BCE00C1D3B7 /* Project object */;
}
