// !$*UTF8*$!
{
	archiveVersion = 1;
	classes = {
	};
	objectVersion = 56;
	objects = {

/* Begin PBXBuildFile section */
		C31CD1152A6692C100975D39 /* ButtonComponentView.swift in Sources */ = {isa = PBXBuildFile; fileRef = C31CD1142A6692C100975D39 /* ButtonComponentView.swift */; };
		C31CD1172A6698C000975D39 /* TextFieldComponentView.swift in Sources */ = {isa = PBXBuildFile; fileRef = C31CD1162A6698C000975D39 /* TextFieldComponentView.swift */; };
		C31CD1192A669A0800975D39 /* PassFieldComponentView.swift in Sources */ = {isa = PBXBuildFile; fileRef = C31CD1182A669A0800975D39 /* PassFieldComponentView.swift */; };
		C31CD11B2A66B54D00975D39 /* LinkTextComponentView.swift in Sources */ = {isa = PBXBuildFile; fileRef = C31CD11A2A66B54D00975D39 /* LinkTextComponentView.swift */; };
		C31CD11D2A66B8A500975D39 /* TitleTextComponentView.swift in Sources */ = {isa = PBXBuildFile; fileRef = C31CD11C2A66B8A500975D39 /* TitleTextComponentView.swift */; };
		C3345BBA2A7BCC3000C2A8B0 /* DIService.swift in Sources */ = {isa = PBXBuildFile; fileRef = C3345BB92A7BCC3000C2A8B0 /* DIService.swift */; };
		C336AAB62A66CF2A008B6473 /* CreateAccountView.swift in Sources */ = {isa = PBXBuildFile; fileRef = C336AAB52A66CF2A008B6473 /* CreateAccountView.swift */; };
		C33A0C4F2A724A6500BEBA38 /* TradingRepositoryInterface.swift in Sources */ = {isa = PBXBuildFile; fileRef = C33A0C4E2A724A6500BEBA38 /* TradingRepositoryInterface.swift */; };
		C33A0C512A724A8100BEBA38 /* DashboardRepositoryInterface.swift in Sources */ = {isa = PBXBuildFile; fileRef = C33A0C502A724A8100BEBA38 /* DashboardRepositoryInterface.swift */; };
		C33A0C532A726EB800BEBA38 /* SuccessSell.swift in Sources */ = {isa = PBXBuildFile; fileRef = C33A0C522A726EB800BEBA38 /* SuccessSell.swift */; };
		C33A0C592A72964200BEBA38 /* DatabaseService.swift in Sources */ = {isa = PBXBuildFile; fileRef = C33A0C582A72964200BEBA38 /* DatabaseService.swift */; };
		C33A0C5C2A72978900BEBA38 /* Realm in Frameworks */ = {isa = PBXBuildFile; productRef = C33A0C5B2A72978900BEBA38 /* Realm */; };
		C33A0C5E2A72978900BEBA38 /* RealmSwift in Frameworks */ = {isa = PBXBuildFile; productRef = C33A0C5D2A72978900BEBA38 /* RealmSwift */; };
		C33A0C602A729BC600BEBA38 /* CryptocurrencyStorage.swift in Sources */ = {isa = PBXBuildFile; fileRef = C33A0C5F2A729BC600BEBA38 /* CryptocurrencyStorage.swift */; };
		C3460AF82A6FC87D000CAB0A /* Base64Image.swift in Sources */ = {isa = PBXBuildFile; fileRef = C3460AF72A6FC87D000CAB0A /* Base64Image.swift */; };
		C3460AFD2A6FF947000CAB0A /* CryptoListItem.swift in Sources */ = {isa = PBXBuildFile; fileRef = C3460AFC2A6FF947000CAB0A /* CryptoListItem.swift */; };
		C34B61092A73B00600FFC1B8 /* SplashScreenView.swift in Sources */ = {isa = PBXBuildFile; fileRef = C34B61082A73B00600FFC1B8 /* SplashScreenView.swift */; };
		C34B610B2A73B83900FFC1B8 /* CurrentUserResponse.swift in Sources */ = {isa = PBXBuildFile; fileRef = C34B610A2A73B83900FFC1B8 /* CurrentUserResponse.swift */; };
		C34B610D2A73B8DF00FFC1B8 /* CurrentUser.swift in Sources */ = {isa = PBXBuildFile; fileRef = C34B610C2A73B8DF00FFC1B8 /* CurrentUser.swift */; };
		C34B610F2A73BA3F00FFC1B8 /* SplashScreenViewModel.swift in Sources */ = {isa = PBXBuildFile; fileRef = C34B610E2A73BA3F00FFC1B8 /* SplashScreenViewModel.swift */; };
		C34B61112A74008F00FFC1B8 /* StrIdInterface.swift in Sources */ = {isa = PBXBuildFile; fileRef = C34B61102A74008F00FFC1B8 /* StrIdInterface.swift */; };
		C34BB1602A78E6BF0063A25D /* UserInfoTextBoxView.swift in Sources */ = {isa = PBXBuildFile; fileRef = C34BB15F2A78E6BF0063A25D /* UserInfoTextBoxView.swift */; };
		C34BB1622A78FF670063A25D /* UserInfoRepositoryInterface.swift in Sources */ = {isa = PBXBuildFile; fileRef = C34BB1612A78FF670063A25D /* UserInfoRepositoryInterface.swift */; };
		C34BB1642A78FFE40063A25D /* UserInfoRepository.swift in Sources */ = {isa = PBXBuildFile; fileRef = C34BB1632A78FFE40063A25D /* UserInfoRepository.swift */; };
		C34BB1662A7900C70063A25D /* UserInfoViewModel.swift in Sources */ = {isa = PBXBuildFile; fileRef = C34BB1652A7900C70063A25D /* UserInfoViewModel.swift */; };
		C34BB1682A7930760063A25D /* ButtonLogoutComponentView.swift in Sources */ = {isa = PBXBuildFile; fileRef = C34BB1672A7930760063A25D /* ButtonLogoutComponentView.swift */; };
		C34C8EAE2A69152300582EAE /* Networker.swift in Sources */ = {isa = PBXBuildFile; fileRef = C34C8EAD2A69152300582EAE /* Networker.swift */; };
		C34C8EB62A692BFC00582EAE /* UserRepository.swift in Sources */ = {isa = PBXBuildFile; fileRef = C34C8EB52A692BFC00582EAE /* UserRepository.swift */; };
		C34C8EBA2A693C6F00582EAE /* PostModel.swift in Sources */ = {isa = PBXBuildFile; fileRef = C34C8EB92A693C6F00582EAE /* PostModel.swift */; };
		C34C8EBC2A69575900582EAE /* UserPostModel.swift in Sources */ = {isa = PBXBuildFile; fileRef = C34C8EBB2A69575900582EAE /* UserPostModel.swift */; };
		C34C8EBE2A69579200582EAE /* JwtModel.swift in Sources */ = {isa = PBXBuildFile; fileRef = C34C8EBD2A69579200582EAE /* JwtModel.swift */; };
		C34C8EC02A695C8000582EAE /* EmptyModel.swift in Sources */ = {isa = PBXBuildFile; fileRef = C34C8EBF2A695C8000582EAE /* EmptyModel.swift */; };
		C34C8EC22A69681500582EAE /* UserLoginModel.swift in Sources */ = {isa = PBXBuildFile; fileRef = C34C8EC12A69681500582EAE /* UserLoginModel.swift */; };
		C34C8EC42A697C6900582EAE /* LoginViewModel.swift in Sources */ = {isa = PBXBuildFile; fileRef = C34C8EC32A697C6900582EAE /* LoginViewModel.swift */; };
		C35236462A67D359009C9951 /* GradientExtView.swift in Sources */ = {isa = PBXBuildFile; fileRef = C35236452A67D359009C9951 /* GradientExtView.swift */; };
		C35236482A67DA65009C9951 /* RoundedCornersExtView.swift in Sources */ = {isa = PBXBuildFile; fileRef = C35236472A67DA65009C9951 /* RoundedCornersExtView.swift */; };
		C352364A2A67ECAA009C9951 /* ColorExtView.swift in Sources */ = {isa = PBXBuildFile; fileRef = C35236492A67ECAA009C9951 /* ColorExtView.swift */; };
		C3671ACB2A70FC8B004F360D /* TradingViewModel.swift in Sources */ = {isa = PBXBuildFile; fileRef = C3671ACA2A70FC8B004F360D /* TradingViewModel.swift */; };
		C3671ACD2A70FCE8004F360D /* TradingModel.swift in Sources */ = {isa = PBXBuildFile; fileRef = C3671ACC2A70FCE8004F360D /* TradingModel.swift */; };
		C3671ACF2A70FE0C004F360D /* TradingModelResponse.swift in Sources */ = {isa = PBXBuildFile; fileRef = C3671ACE2A70FE0C004F360D /* TradingModelResponse.swift */; };
		C3671AD12A70FE38004F360D /* TradingRepository.swift in Sources */ = {isa = PBXBuildFile; fileRef = C3671AD02A70FE38004F360D /* TradingRepository.swift */; };
		C3671AD32A711EC7004F360D /* BuySellBtnView.swift in Sources */ = {isa = PBXBuildFile; fileRef = C3671AD22A711EC7004F360D /* BuySellBtnView.swift */; };
		C3671AD52A715148004F360D /* LoggedInView.swift in Sources */ = {isa = PBXBuildFile; fileRef = C3671AD42A715148004F360D /* LoggedInView.swift */; };
		C3671AD72A715352004F360D /* DashboardView.swift in Sources */ = {isa = PBXBuildFile; fileRef = C3671AD62A715352004F360D /* DashboardView.swift */; };
		C3671AD92A716255004F360D /* UserView.swift in Sources */ = {isa = PBXBuildFile; fileRef = C3671AD82A716255004F360D /* UserView.swift */; };
		C3671ADB2A716266004F360D /* SettingsView.swift in Sources */ = {isa = PBXBuildFile; fileRef = C3671ADA2A716266004F360D /* SettingsView.swift */; };
		C3671ADD2A7168E4004F360D /* DashboardRepository.swift in Sources */ = {isa = PBXBuildFile; fileRef = C3671ADC2A7168E4004F360D /* DashboardRepository.swift */; };
		C3671ADF2A716A6A004F360D /* WalletModel.swift in Sources */ = {isa = PBXBuildFile; fileRef = C3671ADE2A716A6A004F360D /* WalletModel.swift */; };
		C3671AE12A716B13004F360D /* CryptoWalletItem.swift in Sources */ = {isa = PBXBuildFile; fileRef = C3671AE02A716B13004F360D /* CryptoWalletItem.swift */; };
		C3671AE32A716B62004F360D /* CryptoWalletResponse.swift in Sources */ = {isa = PBXBuildFile; fileRef = C3671AE22A716B62004F360D /* CryptoWalletResponse.swift */; };
		C3671AE52A716F5C004F360D /* DashboardViewModel.swift in Sources */ = {isa = PBXBuildFile; fileRef = C3671AE42A716F5C004F360D /* DashboardViewModel.swift */; };
		C370F6A42A7A6F2100389169 /* SettingsViewModel.swift in Sources */ = {isa = PBXBuildFile; fileRef = C370F6A32A7A6F2100389169 /* SettingsViewModel.swift */; };
		C370F6A82A7A856800389169 /* Router.swift in Sources */ = {isa = PBXBuildFile; fileRef = C370F6A72A7A856800389169 /* Router.swift */; };
		C3A437652A6E7D8000482FAE /* TradingView.swift in Sources */ = {isa = PBXBuildFile; fileRef = C3A437642A6E7D8000482FAE /* TradingView.swift */; };
		C3A437672A6E8DD200482FAE /* CryptoListViewModel.swift in Sources */ = {isa = PBXBuildFile; fileRef = C3A437662A6E8DD200482FAE /* CryptoListViewModel.swift */; };
		C3A437692A6E902400482FAE /* CryptoRepository.swift in Sources */ = {isa = PBXBuildFile; fileRef = C3A437682A6E902400482FAE /* CryptoRepository.swift */; };
		C3A4376B2A6E907600482FAE /* CryptoRepositoryInterface.swift in Sources */ = {isa = PBXBuildFile; fileRef = C3A4376A2A6E907600482FAE /* CryptoRepositoryInterface.swift */; };
		C3C9EF752A6A8AFE00B0CE4D /* UserDefaultsController.swift in Sources */ = {isa = PBXBuildFile; fileRef = C3C9EF742A6A8AFE00B0CE4D /* UserDefaultsController.swift */; };
		C3C9EF772A6A8B6800B0CE4D /* UserModel.swift in Sources */ = {isa = PBXBuildFile; fileRef = C3C9EF762A6A8B6800B0CE4D /* UserModel.swift */; };
		C3C9EF792A6AA56800B0CE4D /* UserRepositoryInterface.swift in Sources */ = {isa = PBXBuildFile; fileRef = C3C9EF782A6AA56800B0CE4D /* UserRepositoryInterface.swift */; };
		C3C9EF7B2A6ABE2200B0CE4D /* CryptoListView.swift in Sources */ = {isa = PBXBuildFile; fileRef = C3C9EF7A2A6ABE2200B0CE4D /* CryptoListView.swift */; };
		C3C9EF7D2A6AC60000B0CE4D /* CryptoListItemResponse.swift in Sources */ = {isa = PBXBuildFile; fileRef = C3C9EF7C2A6AC60000B0CE4D /* CryptoListItemResponse.swift */; };
		C3CAA4F52A657BCE00C1D3B7 /* CryptoWalletApp.swift in Sources */ = {isa = PBXBuildFile; fileRef = C3CAA4F42A657BCE00C1D3B7 /* CryptoWalletApp.swift */; };
		C3CAA4F72A657BCE00C1D3B7 /* LoginView.swift in Sources */ = {isa = PBXBuildFile; fileRef = C3CAA4F62A657BCE00C1D3B7 /* LoginView.swift */; };
		C3CAA4F92A657BCF00C1D3B7 /* Assets.xcassets in Resources */ = {isa = PBXBuildFile; fileRef = C3CAA4F82A657BCF00C1D3B7 /* Assets.xcassets */; };
		C3CAA4FC2A657BCF00C1D3B7 /* Preview Assets.xcassets in Resources */ = {isa = PBXBuildFile; fileRef = C3CAA4FB2A657BCF00C1D3B7 /* Preview Assets.xcassets */; };
		C3CAA5062A657BCF00C1D3B7 /* CryptoWalletTests.swift in Sources */ = {isa = PBXBuildFile; fileRef = C3CAA5052A657BCF00C1D3B7 /* CryptoWalletTests.swift */; };
		C3CAA5102A657BCF00C1D3B7 /* CryptoWalletUITests.swift in Sources */ = {isa = PBXBuildFile; fileRef = C3CAA50F2A657BCF00C1D3B7 /* CryptoWalletUITests.swift */; };
		C3CAA5122A657BCF00C1D3B7 /* CryptoWalletUITestsLaunchTests.swift in Sources */ = {isa = PBXBuildFile; fileRef = C3CAA5112A657BCF00C1D3B7 /* CryptoWalletUITestsLaunchTests.swift */; };
		C3DFF49A2A77A1E0006CB15B /* Roboto-Thin.ttf in Resources */ = {isa = PBXBuildFile; fileRef = C3DFF4992A77A1DF006CB15B /* Roboto-Thin.ttf */; };
		C3DFF49B2A77A1E0006CB15B /* Roboto-Thin.ttf in Resources */ = {isa = PBXBuildFile; fileRef = C3DFF4992A77A1DF006CB15B /* Roboto-Thin.ttf */; };
		C3DFF49C2A77A1E0006CB15B /* Roboto-Thin.ttf in Resources */ = {isa = PBXBuildFile; fileRef = C3DFF4992A77A1DF006CB15B /* Roboto-Thin.ttf */; };
		C3DFF49E2A77A22E006CB15B /* Roboto-Light.ttf in Resources */ = {isa = PBXBuildFile; fileRef = C3DFF49D2A77A22E006CB15B /* Roboto-Light.ttf */; };
		C3DFF49F2A77A22E006CB15B /* Roboto-Light.ttf in Resources */ = {isa = PBXBuildFile; fileRef = C3DFF49D2A77A22E006CB15B /* Roboto-Light.ttf */; };
		C3DFF4A02A77A22E006CB15B /* Roboto-Light.ttf in Resources */ = {isa = PBXBuildFile; fileRef = C3DFF49D2A77A22E006CB15B /* Roboto-Light.ttf */; };
		C3DFF4A32A77F428006CB15B /* TabViewImage.swift in Sources */ = {isa = PBXBuildFile; fileRef = C3DFF4A22A77F428006CB15B /* TabViewImage.swift */; };
		C3DFF4A42A77F428006CB15B /* TabViewImage.swift in Sources */ = {isa = PBXBuildFile; fileRef = C3DFF4A22A77F428006CB15B /* TabViewImage.swift */; };
		C3DFF4A52A77F428006CB15B /* TabViewImage.swift in Sources */ = {isa = PBXBuildFile; fileRef = C3DFF4A22A77F428006CB15B /* TabViewImage.swift */; };
		C3E861482A6818E90076591B /* Alamofire in Frameworks */ = {isa = PBXBuildFile; productRef = C3E861472A6818E90076591B /* Alamofire */; };
		C3E8614A2A68191F0076591B /* CreateAccountViewModel.swift in Sources */ = {isa = PBXBuildFile; fileRef = C3E861492A68191F0076591B /* CreateAccountViewModel.swift */; };
/* End PBXBuildFile section */

/* Begin PBXContainerItemProxy section */
		C3CAA5022A657BCF00C1D3B7 /* PBXContainerItemProxy */ = {
			isa = PBXContainerItemProxy;
			containerPortal = C3CAA4E92A657BCE00C1D3B7 /* Project object */;
			proxyType = 1;
			remoteGlobalIDString = C3CAA4F02A657BCE00C1D3B7;
			remoteInfo = CryptoWallet;
		};
		C3CAA50C2A657BCF00C1D3B7 /* PBXContainerItemProxy */ = {
			isa = PBXContainerItemProxy;
			containerPortal = C3CAA4E92A657BCE00C1D3B7 /* Project object */;
			proxyType = 1;
			remoteGlobalIDString = C3CAA4F02A657BCE00C1D3B7;
			remoteInfo = CryptoWallet;
		};
/* End PBXContainerItemProxy section */

/* Begin PBXFileReference section */
		C31CD1142A6692C100975D39 /* ButtonComponentView.swift */ = {isa = PBXFileReference; lastKnownFileType = sourcecode.swift; path = ButtonComponentView.swift; sourceTree = "<group>"; };
		C31CD1162A6698C000975D39 /* TextFieldComponentView.swift */ = {isa = PBXFileReference; lastKnownFileType = sourcecode.swift; path = TextFieldComponentView.swift; sourceTree = "<group>"; };
		C31CD1182A669A0800975D39 /* PassFieldComponentView.swift */ = {isa = PBXFileReference; lastKnownFileType = sourcecode.swift; path = PassFieldComponentView.swift; sourceTree = "<group>"; };
		C31CD11A2A66B54D00975D39 /* LinkTextComponentView.swift */ = {isa = PBXFileReference; lastKnownFileType = sourcecode.swift; path = LinkTextComponentView.swift; sourceTree = "<group>"; };
		C31CD11C2A66B8A500975D39 /* TitleTextComponentView.swift */ = {isa = PBXFileReference; lastKnownFileType = sourcecode.swift; path = TitleTextComponentView.swift; sourceTree = "<group>"; };
		C3345BB92A7BCC3000C2A8B0 /* DIService.swift */ = {isa = PBXFileReference; lastKnownFileType = sourcecode.swift; path = DIService.swift; sourceTree = "<group>"; };
		C336AAB52A66CF2A008B6473 /* CreateAccountView.swift */ = {isa = PBXFileReference; lastKnownFileType = sourcecode.swift; path = CreateAccountView.swift; sourceTree = "<group>"; };
		C33A0C4E2A724A6500BEBA38 /* TradingRepositoryInterface.swift */ = {isa = PBXFileReference; lastKnownFileType = sourcecode.swift; path = TradingRepositoryInterface.swift; sourceTree = "<group>"; };
		C33A0C502A724A8100BEBA38 /* DashboardRepositoryInterface.swift */ = {isa = PBXFileReference; lastKnownFileType = sourcecode.swift; path = DashboardRepositoryInterface.swift; sourceTree = "<group>"; };
		C33A0C522A726EB800BEBA38 /* SuccessSell.swift */ = {isa = PBXFileReference; lastKnownFileType = sourcecode.swift; path = SuccessSell.swift; sourceTree = "<group>"; };
		C33A0C582A72964200BEBA38 /* DatabaseService.swift */ = {isa = PBXFileReference; lastKnownFileType = sourcecode.swift; path = DatabaseService.swift; sourceTree = "<group>"; };
		C33A0C5F2A729BC600BEBA38 /* CryptocurrencyStorage.swift */ = {isa = PBXFileReference; lastKnownFileType = sourcecode.swift; path = CryptocurrencyStorage.swift; sourceTree = "<group>"; };
		C3460AF72A6FC87D000CAB0A /* Base64Image.swift */ = {isa = PBXFileReference; lastKnownFileType = sourcecode.swift; path = Base64Image.swift; sourceTree = "<group>"; };
		C3460AFC2A6FF947000CAB0A /* CryptoListItem.swift */ = {isa = PBXFileReference; lastKnownFileType = sourcecode.swift; path = CryptoListItem.swift; sourceTree = "<group>"; };
		C34B61082A73B00600FFC1B8 /* SplashScreenView.swift */ = {isa = PBXFileReference; lastKnownFileType = sourcecode.swift; path = SplashScreenView.swift; sourceTree = "<group>"; };
		C34B610A2A73B83900FFC1B8 /* CurrentUserResponse.swift */ = {isa = PBXFileReference; lastKnownFileType = sourcecode.swift; path = CurrentUserResponse.swift; sourceTree = "<group>"; };
		C34B610C2A73B8DF00FFC1B8 /* CurrentUser.swift */ = {isa = PBXFileReference; lastKnownFileType = sourcecode.swift; path = CurrentUser.swift; sourceTree = "<group>"; };
		C34B610E2A73BA3F00FFC1B8 /* SplashScreenViewModel.swift */ = {isa = PBXFileReference; lastKnownFileType = sourcecode.swift; path = SplashScreenViewModel.swift; sourceTree = "<group>"; };
		C34B61102A74008F00FFC1B8 /* StrIdInterface.swift */ = {isa = PBXFileReference; lastKnownFileType = sourcecode.swift; path = StrIdInterface.swift; sourceTree = "<group>"; };
		C34BB15F2A78E6BF0063A25D /* UserInfoTextBoxView.swift */ = {isa = PBXFileReference; lastKnownFileType = sourcecode.swift; path = UserInfoTextBoxView.swift; sourceTree = "<group>"; };
		C34BB1612A78FF670063A25D /* UserInfoRepositoryInterface.swift */ = {isa = PBXFileReference; lastKnownFileType = sourcecode.swift; path = UserInfoRepositoryInterface.swift; sourceTree = "<group>"; };
		C34BB1632A78FFE40063A25D /* UserInfoRepository.swift */ = {isa = PBXFileReference; lastKnownFileType = sourcecode.swift; path = UserInfoRepository.swift; sourceTree = "<group>"; };
		C34BB1652A7900C70063A25D /* UserInfoViewModel.swift */ = {isa = PBXFileReference; lastKnownFileType = sourcecode.swift; path = UserInfoViewModel.swift; sourceTree = "<group>"; };
		C34BB1672A7930760063A25D /* ButtonLogoutComponentView.swift */ = {isa = PBXFileReference; lastKnownFileType = sourcecode.swift; path = ButtonLogoutComponentView.swift; sourceTree = "<group>"; };
		C34C8EAD2A69152300582EAE /* Networker.swift */ = {isa = PBXFileReference; lastKnownFileType = sourcecode.swift; path = Networker.swift; sourceTree = "<group>"; };
		C34C8EB52A692BFC00582EAE /* UserRepository.swift */ = {isa = PBXFileReference; lastKnownFileType = sourcecode.swift; path = UserRepository.swift; sourceTree = "<group>"; };
		C34C8EB92A693C6F00582EAE /* PostModel.swift */ = {isa = PBXFileReference; lastKnownFileType = sourcecode.swift; path = PostModel.swift; sourceTree = "<group>"; };
		C34C8EBB2A69575900582EAE /* UserPostModel.swift */ = {isa = PBXFileReference; lastKnownFileType = sourcecode.swift; path = UserPostModel.swift; sourceTree = "<group>"; };
		C34C8EBD2A69579200582EAE /* JwtModel.swift */ = {isa = PBXFileReference; lastKnownFileType = sourcecode.swift; path = JwtModel.swift; sourceTree = "<group>"; };
		C34C8EBF2A695C8000582EAE /* EmptyModel.swift */ = {isa = PBXFileReference; lastKnownFileType = sourcecode.swift; path = EmptyModel.swift; sourceTree = "<group>"; };
		C34C8EC12A69681500582EAE /* UserLoginModel.swift */ = {isa = PBXFileReference; lastKnownFileType = sourcecode.swift; path = UserLoginModel.swift; sourceTree = "<group>"; };
		C34C8EC32A697C6900582EAE /* LoginViewModel.swift */ = {isa = PBXFileReference; lastKnownFileType = sourcecode.swift; path = LoginViewModel.swift; sourceTree = "<group>"; };
		C35236452A67D359009C9951 /* GradientExtView.swift */ = {isa = PBXFileReference; lastKnownFileType = sourcecode.swift; path = GradientExtView.swift; sourceTree = "<group>"; };
		C35236472A67DA65009C9951 /* RoundedCornersExtView.swift */ = {isa = PBXFileReference; lastKnownFileType = sourcecode.swift; path = RoundedCornersExtView.swift; sourceTree = "<group>"; };
		C35236492A67ECAA009C9951 /* ColorExtView.swift */ = {isa = PBXFileReference; lastKnownFileType = sourcecode.swift; path = ColorExtView.swift; sourceTree = "<group>"; };
		C3671ACA2A70FC8B004F360D /* TradingViewModel.swift */ = {isa = PBXFileReference; lastKnownFileType = sourcecode.swift; path = TradingViewModel.swift; sourceTree = "<group>"; };
		C3671ACC2A70FCE8004F360D /* TradingModel.swift */ = {isa = PBXFileReference; lastKnownFileType = sourcecode.swift; path = TradingModel.swift; sourceTree = "<group>"; };
		C3671ACE2A70FE0C004F360D /* TradingModelResponse.swift */ = {isa = PBXFileReference; lastKnownFileType = sourcecode.swift; path = TradingModelResponse.swift; sourceTree = "<group>"; };
		C3671AD02A70FE38004F360D /* TradingRepository.swift */ = {isa = PBXFileReference; lastKnownFileType = sourcecode.swift; path = TradingRepository.swift; sourceTree = "<group>"; };
		C3671AD22A711EC7004F360D /* BuySellBtnView.swift */ = {isa = PBXFileReference; lastKnownFileType = sourcecode.swift; path = BuySellBtnView.swift; sourceTree = "<group>"; };
		C3671AD42A715148004F360D /* LoggedInView.swift */ = {isa = PBXFileReference; lastKnownFileType = sourcecode.swift; path = LoggedInView.swift; sourceTree = "<group>"; };
		C3671AD62A715352004F360D /* DashboardView.swift */ = {isa = PBXFileReference; lastKnownFileType = sourcecode.swift; path = DashboardView.swift; sourceTree = "<group>"; };
		C3671AD82A716255004F360D /* UserView.swift */ = {isa = PBXFileReference; lastKnownFileType = sourcecode.swift; path = UserView.swift; sourceTree = "<group>"; };
		C3671ADA2A716266004F360D /* SettingsView.swift */ = {isa = PBXFileReference; lastKnownFileType = sourcecode.swift; path = SettingsView.swift; sourceTree = "<group>"; };
		C3671ADC2A7168E4004F360D /* DashboardRepository.swift */ = {isa = PBXFileReference; lastKnownFileType = sourcecode.swift; path = DashboardRepository.swift; sourceTree = "<group>"; };
		C3671ADE2A716A6A004F360D /* WalletModel.swift */ = {isa = PBXFileReference; lastKnownFileType = sourcecode.swift; path = WalletModel.swift; sourceTree = "<group>"; };
		C3671AE02A716B13004F360D /* CryptoWalletItem.swift */ = {isa = PBXFileReference; lastKnownFileType = sourcecode.swift; path = CryptoWalletItem.swift; sourceTree = "<group>"; };
		C3671AE22A716B62004F360D /* CryptoWalletResponse.swift */ = {isa = PBXFileReference; lastKnownFileType = sourcecode.swift; path = CryptoWalletResponse.swift; sourceTree = "<group>"; };
		C3671AE42A716F5C004F360D /* DashboardViewModel.swift */ = {isa = PBXFileReference; lastKnownFileType = sourcecode.swift; path = DashboardViewModel.swift; sourceTree = "<group>"; };
		C370F6A32A7A6F2100389169 /* SettingsViewModel.swift */ = {isa = PBXFileReference; lastKnownFileType = sourcecode.swift; path = SettingsViewModel.swift; sourceTree = "<group>"; };
		C370F6A72A7A856800389169 /* Router.swift */ = {isa = PBXFileReference; lastKnownFileType = sourcecode.swift; path = Router.swift; sourceTree = "<group>"; };
		C3A437642A6E7D8000482FAE /* TradingView.swift */ = {isa = PBXFileReference; lastKnownFileType = sourcecode.swift; path = TradingView.swift; sourceTree = "<group>"; };
		C3A437662A6E8DD200482FAE /* CryptoListViewModel.swift */ = {isa = PBXFileReference; lastKnownFileType = sourcecode.swift; path = CryptoListViewModel.swift; sourceTree = "<group>"; };
		C3A437682A6E902400482FAE /* CryptoRepository.swift */ = {isa = PBXFileReference; lastKnownFileType = sourcecode.swift; path = CryptoRepository.swift; sourceTree = "<group>"; };
		C3A4376A2A6E907600482FAE /* CryptoRepositoryInterface.swift */ = {isa = PBXFileReference; lastKnownFileType = sourcecode.swift; path = CryptoRepositoryInterface.swift; sourceTree = "<group>"; };
		C3C9EF742A6A8AFE00B0CE4D /* UserDefaultsController.swift */ = {isa = PBXFileReference; lastKnownFileType = sourcecode.swift; path = UserDefaultsController.swift; sourceTree = "<group>"; };
		C3C9EF762A6A8B6800B0CE4D /* UserModel.swift */ = {isa = PBXFileReference; lastKnownFileType = sourcecode.swift; path = UserModel.swift; sourceTree = "<group>"; };
		C3C9EF782A6AA56800B0CE4D /* UserRepositoryInterface.swift */ = {isa = PBXFileReference; lastKnownFileType = sourcecode.swift; path = UserRepositoryInterface.swift; sourceTree = "<group>"; };
		C3C9EF7A2A6ABE2200B0CE4D /* CryptoListView.swift */ = {isa = PBXFileReference; lastKnownFileType = sourcecode.swift; path = CryptoListView.swift; sourceTree = "<group>"; };
		C3C9EF7C2A6AC60000B0CE4D /* CryptoListItemResponse.swift */ = {isa = PBXFileReference; lastKnownFileType = sourcecode.swift; path = CryptoListItemResponse.swift; sourceTree = "<group>"; };
		C3CAA4F12A657BCE00C1D3B7 /* CryptoWallet.app */ = {isa = PBXFileReference; explicitFileType = wrapper.application; includeInIndex = 0; path = CryptoWallet.app; sourceTree = BUILT_PRODUCTS_DIR; };
		C3CAA4F42A657BCE00C1D3B7 /* CryptoWalletApp.swift */ = {isa = PBXFileReference; lastKnownFileType = sourcecode.swift; path = CryptoWalletApp.swift; sourceTree = "<group>"; };
		C3CAA4F62A657BCE00C1D3B7 /* LoginView.swift */ = {isa = PBXFileReference; lastKnownFileType = sourcecode.swift; path = LoginView.swift; sourceTree = "<group>"; };
		C3CAA4F82A657BCF00C1D3B7 /* Assets.xcassets */ = {isa = PBXFileReference; lastKnownFileType = folder.assetcatalog; path = Assets.xcassets; sourceTree = "<group>"; };
		C3CAA4FB2A657BCF00C1D3B7 /* Preview Assets.xcassets */ = {isa = PBXFileReference; lastKnownFileType = folder.assetcatalog; path = "Preview Assets.xcassets"; sourceTree = "<group>"; };
		C3CAA5012A657BCF00C1D3B7 /* CryptoWalletTests.xctest */ = {isa = PBXFileReference; explicitFileType = wrapper.cfbundle; includeInIndex = 0; path = CryptoWalletTests.xctest; sourceTree = BUILT_PRODUCTS_DIR; };
		C3CAA5052A657BCF00C1D3B7 /* CryptoWalletTests.swift */ = {isa = PBXFileReference; lastKnownFileType = sourcecode.swift; path = CryptoWalletTests.swift; sourceTree = "<group>"; };
		C3CAA50B2A657BCF00C1D3B7 /* CryptoWalletUITests.xctest */ = {isa = PBXFileReference; explicitFileType = wrapper.cfbundle; includeInIndex = 0; path = CryptoWalletUITests.xctest; sourceTree = BUILT_PRODUCTS_DIR; };
		C3CAA50F2A657BCF00C1D3B7 /* CryptoWalletUITests.swift */ = {isa = PBXFileReference; lastKnownFileType = sourcecode.swift; path = CryptoWalletUITests.swift; sourceTree = "<group>"; };
		C3CAA5112A657BCF00C1D3B7 /* CryptoWalletUITestsLaunchTests.swift */ = {isa = PBXFileReference; lastKnownFileType = sourcecode.swift; path = CryptoWalletUITestsLaunchTests.swift; sourceTree = "<group>"; };
		C3DFF4872A779A3C006CB15B /* Info.plist */ = {isa = PBXFileReference; lastKnownFileType = text.plist; path = Info.plist; sourceTree = "<group>"; };
		C3DFF4992A77A1DF006CB15B /* Roboto-Thin.ttf */ = {isa = PBXFileReference; lastKnownFileType = file; path = "Roboto-Thin.ttf"; sourceTree = "<group>"; };
		C3DFF49D2A77A22E006CB15B /* Roboto-Light.ttf */ = {isa = PBXFileReference; lastKnownFileType = file; path = "Roboto-Light.ttf"; sourceTree = "<group>"; };
		C3DFF4A22A77F428006CB15B /* TabViewImage.swift */ = {isa = PBXFileReference; lastKnownFileType = sourcecode.swift; path = TabViewImage.swift; sourceTree = "<group>"; };
		C3E861492A68191F0076591B /* CreateAccountViewModel.swift */ = {isa = PBXFileReference; lastKnownFileType = sourcecode.swift; path = CreateAccountViewModel.swift; sourceTree = "<group>"; };
/* End PBXFileReference section */

/* Begin PBXFrameworksBuildPhase section */
		C3CAA4EE2A657BCE00C1D3B7 /* Frameworks */ = {
			isa = PBXFrameworksBuildPhase;
			buildActionMask = 2147483647;
			files = (
				C33A0C5E2A72978900BEBA38 /* RealmSwift in Frameworks */,
				C33A0C5C2A72978900BEBA38 /* Realm in Frameworks */,
				C3E861482A6818E90076591B /* Alamofire in Frameworks */,
			);
			runOnlyForDeploymentPostprocessing = 0;
		};
		C3CAA4FE2A657BCF00C1D3B7 /* Frameworks */ = {
			isa = PBXFrameworksBuildPhase;
			buildActionMask = 2147483647;
			files = (
			);
			runOnlyForDeploymentPostprocessing = 0;
		};
		C3CAA5082A657BCF00C1D3B7 /* Frameworks */ = {
			isa = PBXFrameworksBuildPhase;
			buildActionMask = 2147483647;
			files = (
			);
			runOnlyForDeploymentPostprocessing = 0;
		};
/* End PBXFrameworksBuildPhase section */

/* Begin PBXGroup section */
		C31CD1122A668ECF00975D39 /* View */ = {
			isa = PBXGroup;
			children = (
				C35236442A67D33C009C9951 /* Extensions */,
				C31CD1132A6690C600975D39 /* Components */,
				C3CAA4F62A657BCE00C1D3B7 /* LoginView.swift */,
				C336AAB52A66CF2A008B6473 /* CreateAccountView.swift */,
				C3A437642A6E7D8000482FAE /* TradingView.swift */,
				C3C9EF7A2A6ABE2200B0CE4D /* CryptoListView.swift */,
				C3671AD42A715148004F360D /* LoggedInView.swift */,
				C3671AD62A715352004F360D /* DashboardView.swift */,
				C3671AD82A716255004F360D /* UserView.swift */,
				C3671ADA2A716266004F360D /* SettingsView.swift */,
				C34B61082A73B00600FFC1B8 /* SplashScreenView.swift */,
			);
			path = View;
			sourceTree = "<group>";
		};
		C31CD1132A6690C600975D39 /* Components */ = {
			isa = PBXGroup;
			children = (
				C31CD1142A6692C100975D39 /* ButtonComponentView.swift */,
				C31CD1162A6698C000975D39 /* TextFieldComponentView.swift */,
				C31CD1182A669A0800975D39 /* PassFieldComponentView.swift */,
				C31CD11A2A66B54D00975D39 /* LinkTextComponentView.swift */,
				C31CD11C2A66B8A500975D39 /* TitleTextComponentView.swift */,
				C3671AD22A711EC7004F360D /* BuySellBtnView.swift */,
				C34BB15F2A78E6BF0063A25D /* UserInfoTextBoxView.swift */,
				C34BB1672A7930760063A25D /* ButtonLogoutComponentView.swift */,
			);
			path = Components;
			sourceTree = "<group>";
		};
		C3460AFB2A6FF8F2000CAB0A /* Models */ = {
			isa = PBXGroup;
			children = (
				C34B610C2A73B8DF00FFC1B8 /* CurrentUser.swift */,
				C3C9EF762A6A8B6800B0CE4D /* UserModel.swift */,
				C3460AFC2A6FF947000CAB0A /* CryptoListItem.swift */,
				C3671ACC2A70FCE8004F360D /* TradingModel.swift */,
				C3671ADE2A716A6A004F360D /* WalletModel.swift */,
				C3671AE02A716B13004F360D /* CryptoWalletItem.swift */,
				C33A0C522A726EB800BEBA38 /* SuccessSell.swift */,
				C33A0C5F2A729BC600BEBA38 /* CryptocurrencyStorage.swift */,
			);
			path = Models;
			sourceTree = "<group>";
		};
		C34C8EAF2A691CB300582EAE /* Models */ = {
			isa = PBXGroup;
			children = (
				C34C8EB92A693C6F00582EAE /* PostModel.swift */,
				C34C8EBB2A69575900582EAE /* UserPostModel.swift */,
				C34C8EBD2A69579200582EAE /* JwtModel.swift */,
				C34C8EBF2A695C8000582EAE /* EmptyModel.swift */,
				C34C8EC12A69681500582EAE /* UserLoginModel.swift */,
				C3C9EF7C2A6AC60000B0CE4D /* CryptoListItemResponse.swift */,
				C3671ACE2A70FE0C004F360D /* TradingModelResponse.swift */,
				C3671AE22A716B62004F360D /* CryptoWalletResponse.swift */,
				C34B610A2A73B83900FFC1B8 /* CurrentUserResponse.swift */,
			);
			path = Models;
			sourceTree = "<group>";
		};
		C34C8EB22A691D6100582EAE /* Interfaces */ = {
			isa = PBXGroup;
			children = (
				C3C9EF782A6AA56800B0CE4D /* UserRepositoryInterface.swift */,
				C3A4376A2A6E907600482FAE /* CryptoRepositoryInterface.swift */,
				C33A0C4E2A724A6500BEBA38 /* TradingRepositoryInterface.swift */,
				C33A0C502A724A8100BEBA38 /* DashboardRepositoryInterface.swift */,
				C34B61102A74008F00FFC1B8 /* StrIdInterface.swift */,
				C34BB1612A78FF670063A25D /* UserInfoRepositoryInterface.swift */,
			);
			path = Interfaces;
			sourceTree = "<group>";
		};
		C35236442A67D33C009C9951 /* Extensions */ = {
			isa = PBXGroup;
			children = (
				C35236452A67D359009C9951 /* GradientExtView.swift */,
				C35236472A67DA65009C9951 /* RoundedCornersExtView.swift */,
				C35236492A67ECAA009C9951 /* ColorExtView.swift */,
				C3460AF72A6FC87D000CAB0A /* Base64Image.swift */,
				C3DFF4A22A77F428006CB15B /* TabViewImage.swift */,
			);
			path = Extensions;
			sourceTree = "<group>";
		};
		C3CAA4E82A657BCE00C1D3B7 = {
			isa = PBXGroup;
			children = (
				C3DFF49D2A77A22E006CB15B /* Roboto-Light.ttf */,
				C3DFF4992A77A1DF006CB15B /* Roboto-Thin.ttf */,
				C3CAA4F32A657BCE00C1D3B7 /* CryptoWallet */,
				C3CAA5042A657BCF00C1D3B7 /* CryptoWalletTests */,
				C3CAA50E2A657BCF00C1D3B7 /* CryptoWalletUITests */,
				C3CAA4F22A657BCE00C1D3B7 /* Products */,
			);
			sourceTree = "<group>";
		};
		C3CAA4F22A657BCE00C1D3B7 /* Products */ = {
			isa = PBXGroup;
			children = (
				C3CAA4F12A657BCE00C1D3B7 /* CryptoWallet.app */,
				C3CAA5012A657BCF00C1D3B7 /* CryptoWalletTests.xctest */,
				C3CAA50B2A657BCF00C1D3B7 /* CryptoWalletUITests.xctest */,
			);
			name = Products;
			sourceTree = "<group>";
		};
		C3CAA4F32A657BCE00C1D3B7 /* CryptoWallet */ = {
			isa = PBXGroup;
			children = (
				C3DFF4872A779A3C006CB15B /* Info.plist */,
				C3E861422A6813C70076591B /* ModelView */,
				C31CD1122A668ECF00975D39 /* View */,
				C3E861412A6813BD0076591B /* Model */,
				C3CAA4F42A657BCE00C1D3B7 /* CryptoWalletApp.swift */,
				C3CAA4F82A657BCF00C1D3B7 /* Assets.xcassets */,
				C3CAA4FA2A657BCF00C1D3B7 /* Preview Content */,
			);
			path = CryptoWallet;
			sourceTree = "<group>";
		};
		C3CAA4FA2A657BCF00C1D3B7 /* Preview Content */ = {
			isa = PBXGroup;
			children = (
				C3CAA4FB2A657BCF00C1D3B7 /* Preview Assets.xcassets */,
			);
			path = "Preview Content";
			sourceTree = "<group>";
		};
		C3CAA5042A657BCF00C1D3B7 /* CryptoWalletTests */ = {
			isa = PBXGroup;
			children = (
				C3CAA5052A657BCF00C1D3B7 /* CryptoWalletTests.swift */,
			);
			path = CryptoWalletTests;
			sourceTree = "<group>";
		};
		C3CAA50E2A657BCF00C1D3B7 /* CryptoWalletUITests */ = {
			isa = PBXGroup;
			children = (
				C3CAA50F2A657BCF00C1D3B7 /* CryptoWalletUITests.swift */,
				C3CAA5112A657BCF00C1D3B7 /* CryptoWalletUITestsLaunchTests.swift */,
			);
			path = CryptoWalletUITests;
			sourceTree = "<group>";
		};
		C3E861412A6813BD0076591B /* Model */ = {
			isa = PBXGroup;
			children = (
				C34C8EB22A691D6100582EAE /* Interfaces */,
				C34C8EAF2A691CB300582EAE /* Models */,
				C34C8EAD2A69152300582EAE /* Networker.swift */,
				C3A437682A6E902400482FAE /* CryptoRepository.swift */,
				C34C8EB52A692BFC00582EAE /* UserRepository.swift */,
				C3671AD02A70FE38004F360D /* TradingRepository.swift */,
				C3671ADC2A7168E4004F360D /* DashboardRepository.swift */,
				C33A0C582A72964200BEBA38 /* DatabaseService.swift */,
				C34BB1632A78FFE40063A25D /* UserInfoRepository.swift */,
				C370F6A72A7A856800389169 /* Router.swift */,
				C3345BB92A7BCC3000C2A8B0 /* DIService.swift */,
			);
			path = Model;
			sourceTree = "<group>";
		};
		C3E861422A6813C70076591B /* ModelView */ = {
			isa = PBXGroup;
			children = (
				C3460AFB2A6FF8F2000CAB0A /* Models */,
				C3C9EF742A6A8AFE00B0CE4D /* UserDefaultsController.swift */,
				C3E861492A68191F0076591B /* CreateAccountViewModel.swift */,
				C34C8EC32A697C6900582EAE /* LoginViewModel.swift */,
				C3A437662A6E8DD200482FAE /* CryptoListViewModel.swift */,
				C3671ACA2A70FC8B004F360D /* TradingViewModel.swift */,
				C3671AE42A716F5C004F360D /* DashboardViewModel.swift */,
				C34B610E2A73BA3F00FFC1B8 /* SplashScreenViewModel.swift */,
				C34BB1652A7900C70063A25D /* UserInfoViewModel.swift */,
				C370F6A32A7A6F2100389169 /* SettingsViewModel.swift */,
			);
			path = ModelView;
			sourceTree = "<group>";
		};
/* End PBXGroup section */

/* Begin PBXNativeTarget section */
		C3CAA4F02A657BCE00C1D3B7 /* CryptoWallet */ = {
			isa = PBXNativeTarget;
			buildConfigurationList = C3CAA5152A657BCF00C1D3B7 /* Build configuration list for PBXNativeTarget "CryptoWallet" */;
			buildPhases = (
				C3CAA4ED2A657BCE00C1D3B7 /* Sources */,
				C3CAA4EE2A657BCE00C1D3B7 /* Frameworks */,
				C3CAA4EF2A657BCE00C1D3B7 /* Resources */,
			);
			buildRules = (
			);
			dependencies = (
			);
			name = CryptoWallet;
			packageProductDependencies = (
				C3E861472A6818E90076591B /* Alamofire */,
				C33A0C5B2A72978900BEBA38 /* Realm */,
				C33A0C5D2A72978900BEBA38 /* RealmSwift */,
			);
			productName = CryptoWallet;
			productReference = C3CAA4F12A657BCE00C1D3B7 /* CryptoWallet.app */;
			productType = "com.apple.product-type.application";
		};
		C3CAA5002A657BCF00C1D3B7 /* CryptoWalletTests */ = {
			isa = PBXNativeTarget;
			buildConfigurationList = C3CAA5182A657BCF00C1D3B7 /* Build configuration list for PBXNativeTarget "CryptoWalletTests" */;
			buildPhases = (
				C3CAA4FD2A657BCF00C1D3B7 /* Sources */,
				C3CAA4FE2A657BCF00C1D3B7 /* Frameworks */,
				C3CAA4FF2A657BCF00C1D3B7 /* Resources */,
			);
			buildRules = (
			);
			dependencies = (
				C3CAA5032A657BCF00C1D3B7 /* PBXTargetDependency */,
			);
			name = CryptoWalletTests;
			productName = CryptoWalletTests;
			productReference = C3CAA5012A657BCF00C1D3B7 /* CryptoWalletTests.xctest */;
			productType = "com.apple.product-type.bundle.unit-test";
		};
		C3CAA50A2A657BCF00C1D3B7 /* CryptoWalletUITests */ = {
			isa = PBXNativeTarget;
			buildConfigurationList = C3CAA51B2A657BCF00C1D3B7 /* Build configuration list for PBXNativeTarget "CryptoWalletUITests" */;
			buildPhases = (
				C3CAA5072A657BCF00C1D3B7 /* Sources */,
				C3CAA5082A657BCF00C1D3B7 /* Frameworks */,
				C3CAA5092A657BCF00C1D3B7 /* Resources */,
			);
			buildRules = (
			);
			dependencies = (
				C3CAA50D2A657BCF00C1D3B7 /* PBXTargetDependency */,
			);
			name = CryptoWalletUITests;
			productName = CryptoWalletUITests;
			productReference = C3CAA50B2A657BCF00C1D3B7 /* CryptoWalletUITests.xctest */;
			productType = "com.apple.product-type.bundle.ui-testing";
		};
/* End PBXNativeTarget section */

/* Begin PBXProject section */
		C3CAA4E92A657BCE00C1D3B7 /* Project object */ = {
			isa = PBXProject;
			attributes = {
				BuildIndependentTargetsInParallel = 1;
				LastSwiftUpdateCheck = 1420;
				LastUpgradeCheck = 1420;
				TargetAttributes = {
					C3CAA4F02A657BCE00C1D3B7 = {
						CreatedOnToolsVersion = 14.2;
					};
					C3CAA5002A657BCF00C1D3B7 = {
						CreatedOnToolsVersion = 14.2;
						TestTargetID = C3CAA4F02A657BCE00C1D3B7;
					};
					C3CAA50A2A657BCF00C1D3B7 = {
						CreatedOnToolsVersion = 14.2;
						TestTargetID = C3CAA4F02A657BCE00C1D3B7;
					};
				};
			};
			buildConfigurationList = C3CAA4EC2A657BCE00C1D3B7 /* Build configuration list for PBXProject "CryptoWallet" */;
			compatibilityVersion = "Xcode 14.0";
			developmentRegion = en;
			hasScannedForEncodings = 0;
			knownRegions = (
				en,
				Base,
			);
			mainGroup = C3CAA4E82A657BCE00C1D3B7;
			packageReferences = (
				C3E861462A6818E90076591B /* XCRemoteSwiftPackageReference "Alamofire" */,
				C33A0C5A2A72978900BEBA38 /* XCRemoteSwiftPackageReference "realm-swift" */,
			);
			productRefGroup = C3CAA4F22A657BCE00C1D3B7 /* Products */;
			projectDirPath = "";
			projectRoot = "";
			targets = (
				C3CAA4F02A657BCE00C1D3B7 /* CryptoWallet */,
				C3CAA5002A657BCF00C1D3B7 /* CryptoWalletTests */,
				C3CAA50A2A657BCF00C1D3B7 /* CryptoWalletUITests */,
			);
		};
/* End PBXProject section */

/* Begin PBXResourcesBuildPhase section */
		C3CAA4EF2A657BCE00C1D3B7 /* Resources */ = {
			isa = PBXResourcesBuildPhase;
			buildActionMask = 2147483647;
			files = (
				C3CAA4FC2A657BCF00C1D3B7 /* Preview Assets.xcassets in Resources */,
				C3CAA4F92A657BCF00C1D3B7 /* Assets.xcassets in Resources */,
				C3DFF49E2A77A22E006CB15B /* Roboto-Light.ttf in Resources */,
				C3DFF49A2A77A1E0006CB15B /* Roboto-Thin.ttf in Resources */,
			);
			runOnlyForDeploymentPostprocessing = 0;
		};
		C3CAA4FF2A657BCF00C1D3B7 /* Resources */ = {
			isa = PBXResourcesBuildPhase;
			buildActionMask = 2147483647;
			files = (
				C3DFF49F2A77A22E006CB15B /* Roboto-Light.ttf in Resources */,
				C3DFF49B2A77A1E0006CB15B /* Roboto-Thin.ttf in Resources */,
			);
			runOnlyForDeploymentPostprocessing = 0;
		};
		C3CAA5092A657BCF00C1D3B7 /* Resources */ = {
			isa = PBXResourcesBuildPhase;
			buildActionMask = 2147483647;
			files = (
				C3DFF4A02A77A22E006CB15B /* Roboto-Light.ttf in Resources */,
				C3DFF49C2A77A1E0006CB15B /* Roboto-Thin.ttf in Resources */,
			);
			runOnlyForDeploymentPostprocessing = 0;
		};
/* End PBXResourcesBuildPhase section */

/* Begin PBXSourcesBuildPhase section */
		C3CAA4ED2A657BCE00C1D3B7 /* Sources */ = {
			isa = PBXSourcesBuildPhase;
			buildActionMask = 2147483647;
			files = (
				C34C8EBC2A69575900582EAE /* UserPostModel.swift in Sources */,
				C34BB1682A7930760063A25D /* ButtonLogoutComponentView.swift in Sources */,
				C3671AE12A716B13004F360D /* CryptoWalletItem.swift in Sources */,
				C3671AE32A716B62004F360D /* CryptoWalletResponse.swift in Sources */,
				C34BB1602A78E6BF0063A25D /* UserInfoTextBoxView.swift in Sources */,
				C34BB1642A78FFE40063A25D /* UserInfoRepository.swift in Sources */,
				C3C9EF792A6AA56800B0CE4D /* UserRepositoryInterface.swift in Sources */,
				C33A0C602A729BC600BEBA38 /* CryptocurrencyStorage.swift in Sources */,
				C3345BBA2A7BCC3000C2A8B0 /* DIService.swift in Sources */,
				C3671ACF2A70FE0C004F360D /* TradingModelResponse.swift in Sources */,
				C31CD1192A669A0800975D39 /* PassFieldComponentView.swift in Sources */,
				C33A0C592A72964200BEBA38 /* DatabaseService.swift in Sources */,
				C34C8EC42A697C6900582EAE /* LoginViewModel.swift in Sources */,
				C3A437672A6E8DD200482FAE /* CryptoListViewModel.swift in Sources */,
				C34C8EBA2A693C6F00582EAE /* PostModel.swift in Sources */,
				C3671ACB2A70FC8B004F360D /* TradingViewModel.swift in Sources */,
				C31CD11D2A66B8A500975D39 /* TitleTextComponentView.swift in Sources */,
				C3CAA4F72A657BCE00C1D3B7 /* LoginView.swift in Sources */,
				C3671AD92A716255004F360D /* UserView.swift in Sources */,
				C34BB1662A7900C70063A25D /* UserInfoViewModel.swift in Sources */,
				C31CD1152A6692C100975D39 /* ButtonComponentView.swift in Sources */,
				C34C8EBE2A69579200582EAE /* JwtModel.swift in Sources */,
				C34B610F2A73BA3F00FFC1B8 /* SplashScreenViewModel.swift in Sources */,
				C34B61092A73B00600FFC1B8 /* SplashScreenView.swift in Sources */,
				C3A4376B2A6E907600482FAE /* CryptoRepositoryInterface.swift in Sources */,
				C3C9EF772A6A8B6800B0CE4D /* UserModel.swift in Sources */,
				C3671AD32A711EC7004F360D /* BuySellBtnView.swift in Sources */,
				C3A437652A6E7D8000482FAE /* TradingView.swift in Sources */,
				C34BB1622A78FF670063A25D /* UserInfoRepositoryInterface.swift in Sources */,
				C31CD1172A6698C000975D39 /* TextFieldComponentView.swift in Sources */,
				C34C8EAE2A69152300582EAE /* Networker.swift in Sources */,
				C33A0C532A726EB800BEBA38 /* SuccessSell.swift in Sources */,
				C370F6A82A7A856800389169 /* Router.swift in Sources */,
				C3671AE52A716F5C004F360D /* DashboardViewModel.swift in Sources */,
				C35236482A67DA65009C9951 /* RoundedCornersExtView.swift in Sources */,
				C3460AFD2A6FF947000CAB0A /* CryptoListItem.swift in Sources */,
				C3671AD52A715148004F360D /* LoggedInView.swift in Sources */,
				C3671ADF2A716A6A004F360D /* WalletModel.swift in Sources */,
				C3460AF82A6FC87D000CAB0A /* Base64Image.swift in Sources */,
				C34B61112A74008F00FFC1B8 /* StrIdInterface.swift in Sources */,
				C34B610D2A73B8DF00FFC1B8 /* CurrentUser.swift in Sources */,
				C3DFF4A32A77F428006CB15B /* TabViewImage.swift in Sources */,
				C3C9EF752A6A8AFE00B0CE4D /* UserDefaultsController.swift in Sources */,
				C3CAA4F52A657BCE00C1D3B7 /* CryptoWalletApp.swift in Sources */,
				C3671ADB2A716266004F360D /* SettingsView.swift in Sources */,
				C336AAB62A66CF2A008B6473 /* CreateAccountView.swift in Sources */,
				C34C8EC22A69681500582EAE /* UserLoginModel.swift in Sources */,
				C34C8EC02A695C8000582EAE /* EmptyModel.swift in Sources */,
				C34B610B2A73B83900FFC1B8 /* CurrentUserResponse.swift in Sources */,
				C3671AD72A715352004F360D /* DashboardView.swift in Sources */,
				C3C9EF7D2A6AC60000B0CE4D /* CryptoListItemResponse.swift in Sources */,
				C370F6A42A7A6F2100389169 /* SettingsViewModel.swift in Sources */,
				C3E8614A2A68191F0076591B /* CreateAccountViewModel.swift in Sources */,
				C33A0C4F2A724A6500BEBA38 /* TradingRepositoryInterface.swift in Sources */,
				C3A437692A6E902400482FAE /* CryptoRepository.swift in Sources */,
				C33A0C512A724A8100BEBA38 /* DashboardRepositoryInterface.swift in Sources */,
				C3671AD12A70FE38004F360D /* TradingRepository.swift in Sources */,
				C31CD11B2A66B54D00975D39 /* LinkTextComponentView.swift in Sources */,
				C352364A2A67ECAA009C9951 /* ColorExtView.swift in Sources */,
				C35236462A67D359009C9951 /* GradientExtView.swift in Sources */,
				C34C8EB62A692BFC00582EAE /* UserRepository.swift in Sources */,
				C3671ADD2A7168E4004F360D /* DashboardRepository.swift in Sources */,
				C3671ACD2A70FCE8004F360D /* TradingModel.swift in Sources */,
				C3C9EF7B2A6ABE2200B0CE4D /* CryptoListView.swift in Sources */,
			);
			runOnlyForDeploymentPostprocessing = 0;
		};
		C3CAA4FD2A657BCF00C1D3B7 /* Sources */ = {
			isa = PBXSourcesBuildPhase;
			buildActionMask = 2147483647;
			files = (
				C3DFF4A42A77F428006CB15B /* TabViewImage.swift in Sources */,
				C3CAA5062A657BCF00C1D3B7 /* CryptoWalletTests.swift in Sources */,
			);
			runOnlyForDeploymentPostprocessing = 0;
		};
		C3CAA5072A657BCF00C1D3B7 /* Sources */ = {
			isa = PBXSourcesBuildPhase;
			buildActionMask = 2147483647;
			files = (
				C3CAA5122A657BCF00C1D3B7 /* CryptoWalletUITestsLaunchTests.swift in Sources */,
				C3CAA5102A657BCF00C1D3B7 /* CryptoWalletUITests.swift in Sources */,
				C3DFF4A52A77F428006CB15B /* TabViewImage.swift in Sources */,
			);
			runOnlyForDeploymentPostprocessing = 0;
		};
/* End PBXSourcesBuildPhase section */

/* Begin PBXTargetDependency section */
		C3CAA5032A657BCF00C1D3B7 /* PBXTargetDependency */ = {
			isa = PBXTargetDependency;
			target = C3CAA4F02A657BCE00C1D3B7 /* CryptoWallet */;
			targetProxy = C3CAA5022A657BCF00C1D3B7 /* PBXContainerItemProxy */;
		};
		C3CAA50D2A657BCF00C1D3B7 /* PBXTargetDependency */ = {
			isa = PBXTargetDependency;
			target = C3CAA4F02A657BCE00C1D3B7 /* CryptoWallet */;
			targetProxy = C3CAA50C2A657BCF00C1D3B7 /* PBXContainerItemProxy */;
		};
/* End PBXTargetDependency section */

/* Begin XCBuildConfiguration section */
		C3CAA5132A657BCF00C1D3B7 /* Debug */ = {
			isa = XCBuildConfiguration;
			buildSettings = {
				ALWAYS_SEARCH_USER_PATHS = NO;
				CLANG_ANALYZER_NONNULL = YES;
				CLANG_ANALYZER_NUMBER_OBJECT_CONVERSION = YES_AGGRESSIVE;
				CLANG_CXX_LANGUAGE_STANDARD = "gnu++20";
				CLANG_ENABLE_MODULES = YES;
				CLANG_ENABLE_OBJC_ARC = YES;
				CLANG_ENABLE_OBJC_WEAK = YES;
				CLANG_WARN_BLOCK_CAPTURE_AUTORELEASING = YES;
				CLANG_WARN_BOOL_CONVERSION = YES;
				CLANG_WARN_COMMA = YES;
				CLANG_WARN_CONSTANT_CONVERSION = YES;
				CLANG_WARN_DEPRECATED_OBJC_IMPLEMENTATIONS = YES;
				CLANG_WARN_DIRECT_OBJC_ISA_USAGE = YES_ERROR;
				CLANG_WARN_DOCUMENTATION_COMMENTS = YES;
				CLANG_WARN_EMPTY_BODY = YES;
				CLANG_WARN_ENUM_CONVERSION = YES;
				CLANG_WARN_INFINITE_RECURSION = YES;
				CLANG_WARN_INT_CONVERSION = YES;
				CLANG_WARN_NON_LITERAL_NULL_CONVERSION = YES;
				CLANG_WARN_OBJC_IMPLICIT_RETAIN_SELF = YES;
				CLANG_WARN_OBJC_LITERAL_CONVERSION = YES;
				CLANG_WARN_OBJC_ROOT_CLASS = YES_ERROR;
				CLANG_WARN_QUOTED_INCLUDE_IN_FRAMEWORK_HEADER = YES;
				CLANG_WARN_RANGE_LOOP_ANALYSIS = YES;
				CLANG_WARN_STRICT_PROTOTYPES = YES;
				CLANG_WARN_SUSPICIOUS_MOVE = YES;
				CLANG_WARN_UNGUARDED_AVAILABILITY = YES_AGGRESSIVE;
				CLANG_WARN_UNREACHABLE_CODE = YES;
				CLANG_WARN__DUPLICATE_METHOD_MATCH = YES;
				COPY_PHASE_STRIP = NO;
				DEBUG_INFORMATION_FORMAT = dwarf;
				ENABLE_STRICT_OBJC_MSGSEND = YES;
				ENABLE_TESTABILITY = YES;
				GCC_C_LANGUAGE_STANDARD = gnu11;
				GCC_DYNAMIC_NO_PIC = NO;
				GCC_NO_COMMON_BLOCKS = YES;
				GCC_OPTIMIZATION_LEVEL = 0;
				GCC_PREPROCESSOR_DEFINITIONS = (
					"DEBUG=1",
					"$(inherited)",
				);
				GCC_WARN_64_TO_32_BIT_CONVERSION = YES;
				GCC_WARN_ABOUT_RETURN_TYPE = YES_ERROR;
				GCC_WARN_UNDECLARED_SELECTOR = YES;
				GCC_WARN_UNINITIALIZED_AUTOS = YES_AGGRESSIVE;
				GCC_WARN_UNUSED_FUNCTION = YES;
				GCC_WARN_UNUSED_VARIABLE = YES;
				IPHONEOS_DEPLOYMENT_TARGET = 16.2;
				MTL_ENABLE_DEBUG_INFO = INCLUDE_SOURCE;
				MTL_FAST_MATH = YES;
				ONLY_ACTIVE_ARCH = YES;
				SDKROOT = iphoneos;
				SWIFT_ACTIVE_COMPILATION_CONDITIONS = DEBUG;
				SWIFT_OPTIMIZATION_LEVEL = "-Onone";
			};
			name = Debug;
		};
		C3CAA5142A657BCF00C1D3B7 /* Release */ = {
			isa = XCBuildConfiguration;
			buildSettings = {
				ALWAYS_SEARCH_USER_PATHS = NO;
				CLANG_ANALYZER_NONNULL = YES;
				CLANG_ANALYZER_NUMBER_OBJECT_CONVERSION = YES_AGGRESSIVE;
				CLANG_CXX_LANGUAGE_STANDARD = "gnu++20";
				CLANG_ENABLE_MODULES = YES;
				CLANG_ENABLE_OBJC_ARC = YES;
				CLANG_ENABLE_OBJC_WEAK = YES;
				CLANG_WARN_BLOCK_CAPTURE_AUTORELEASING = YES;
				CLANG_WARN_BOOL_CONVERSION = YES;
				CLANG_WARN_COMMA = YES;
				CLANG_WARN_CONSTANT_CONVERSION = YES;
				CLANG_WARN_DEPRECATED_OBJC_IMPLEMENTATIONS = YES;
				CLANG_WARN_DIRECT_OBJC_ISA_USAGE = YES_ERROR;
				CLANG_WARN_DOCUMENTATION_COMMENTS = YES;
				CLANG_WARN_EMPTY_BODY = YES;
				CLANG_WARN_ENUM_CONVERSION = YES;
				CLANG_WARN_INFINITE_RECURSION = YES;
				CLANG_WARN_INT_CONVERSION = YES;
				CLANG_WARN_NON_LITERAL_NULL_CONVERSION = YES;
				CLANG_WARN_OBJC_IMPLICIT_RETAIN_SELF = YES;
				CLANG_WARN_OBJC_LITERAL_CONVERSION = YES;
				CLANG_WARN_OBJC_ROOT_CLASS = YES_ERROR;
				CLANG_WARN_QUOTED_INCLUDE_IN_FRAMEWORK_HEADER = YES;
				CLANG_WARN_RANGE_LOOP_ANALYSIS = YES;
				CLANG_WARN_STRICT_PROTOTYPES = YES;
				CLANG_WARN_SUSPICIOUS_MOVE = YES;
				CLANG_WARN_UNGUARDED_AVAILABILITY = YES_AGGRESSIVE;
				CLANG_WARN_UNREACHABLE_CODE = YES;
				CLANG_WARN__DUPLICATE_METHOD_MATCH = YES;
				COPY_PHASE_STRIP = NO;
				DEBUG_INFORMATION_FORMAT = "dwarf-with-dsym";
				ENABLE_NS_ASSERTIONS = NO;
				ENABLE_STRICT_OBJC_MSGSEND = YES;
				GCC_C_LANGUAGE_STANDARD = gnu11;
				GCC_NO_COMMON_BLOCKS = YES;
				GCC_WARN_64_TO_32_BIT_CONVERSION = YES;
				GCC_WARN_ABOUT_RETURN_TYPE = YES_ERROR;
				GCC_WARN_UNDECLARED_SELECTOR = YES;
				GCC_WARN_UNINITIALIZED_AUTOS = YES_AGGRESSIVE;
				GCC_WARN_UNUSED_FUNCTION = YES;
				GCC_WARN_UNUSED_VARIABLE = YES;
				IPHONEOS_DEPLOYMENT_TARGET = 16.2;
				MTL_ENABLE_DEBUG_INFO = NO;
				MTL_FAST_MATH = YES;
				SDKROOT = iphoneos;
				SWIFT_COMPILATION_MODE = wholemodule;
				SWIFT_OPTIMIZATION_LEVEL = "-O";
				VALIDATE_PRODUCT = YES;
			};
			name = Release;
		};
		C3CAA5162A657BCF00C1D3B7 /* Debug */ = {
			isa = XCBuildConfiguration;
			buildSettings = {
				ASSETCATALOG_COMPILER_APPICON_NAME = AppIcon;
				ASSETCATALOG_COMPILER_GLOBAL_ACCENT_COLOR_NAME = AccentColor;
				CODE_SIGN_STYLE = Automatic;
				CURRENT_PROJECT_VERSION = 1;
				DEVELOPMENT_ASSET_PATHS = "\"CryptoWallet/Preview Content\"";
				ENABLE_PREVIEWS = YES;
				GENERATE_INFOPLIST_FILE = YES;
				INFOPLIST_FILE = CryptoWallet/Info.plist;
				INFOPLIST_KEY_UIApplicationSceneManifest_Generation = YES;
				INFOPLIST_KEY_UIApplicationSupportsIndirectInputEvents = YES;
				INFOPLIST_KEY_UILaunchScreen_Generation = YES;
				INFOPLIST_KEY_UISupportedInterfaceOrientations_iPad = "UIInterfaceOrientationPortrait UIInterfaceOrientationPortraitUpsideDown UIInterfaceOrientationLandscapeLeft UIInterfaceOrientationLandscapeRight";
				INFOPLIST_KEY_UISupportedInterfaceOrientations_iPhone = "UIInterfaceOrientationPortrait UIInterfaceOrientationLandscapeLeft UIInterfaceOrientationLandscapeRight";
				LD_RUNPATH_SEARCH_PATHS = (
					"$(inherited)",
					"@executable_path/Frameworks",
				);
				MARKETING_VERSION = 1.0;
				PRODUCT_BUNDLE_IDENTIFIER = com.djordjevujicicpraksa.com.CryptoWallet;
				PRODUCT_NAME = "$(TARGET_NAME)";
				SWIFT_EMIT_LOC_STRINGS = YES;
				SWIFT_VERSION = 5.0;
				TARGETED_DEVICE_FAMILY = "1,2";
			};
			name = Debug;
		};
		C3CAA5172A657BCF00C1D3B7 /* Release */ = {
			isa = XCBuildConfiguration;
			buildSettings = {
				ASSETCATALOG_COMPILER_APPICON_NAME = AppIcon;
				ASSETCATALOG_COMPILER_GLOBAL_ACCENT_COLOR_NAME = AccentColor;
				CODE_SIGN_STYLE = Automatic;
				CURRENT_PROJECT_VERSION = 1;
				DEVELOPMENT_ASSET_PATHS = "\"CryptoWallet/Preview Content\"";
				ENABLE_PREVIEWS = YES;
				GENERATE_INFOPLIST_FILE = YES;
				INFOPLIST_FILE = CryptoWallet/Info.plist;
				INFOPLIST_KEY_UIApplicationSceneManifest_Generation = YES;
				INFOPLIST_KEY_UIApplicationSupportsIndirectInputEvents = YES;
				INFOPLIST_KEY_UILaunchScreen_Generation = YES;
				INFOPLIST_KEY_UISupportedInterfaceOrientations_iPad = "UIInterfaceOrientationPortrait UIInterfaceOrientationPortraitUpsideDown UIInterfaceOrientationLandscapeLeft UIInterfaceOrientationLandscapeRight";
				INFOPLIST_KEY_UISupportedInterfaceOrientations_iPhone = "UIInterfaceOrientationPortrait UIInterfaceOrientationLandscapeLeft UIInterfaceOrientationLandscapeRight";
				LD_RUNPATH_SEARCH_PATHS = (
					"$(inherited)",
					"@executable_path/Frameworks",
				);
				MARKETING_VERSION = 1.0;
				PRODUCT_BUNDLE_IDENTIFIER = com.djordjevujicicpraksa.com.CryptoWallet;
				PRODUCT_NAME = "$(TARGET_NAME)";
				SWIFT_EMIT_LOC_STRINGS = YES;
				SWIFT_VERSION = 5.0;
				TARGETED_DEVICE_FAMILY = "1,2";
			};
			name = Release;
		};
		C3CAA5192A657BCF00C1D3B7 /* Debug */ = {
			isa = XCBuildConfiguration;
			buildSettings = {
				ALWAYS_EMBED_SWIFT_STANDARD_LIBRARIES = YES;
				BUNDLE_LOADER = "$(TEST_HOST)";
				CODE_SIGN_STYLE = Automatic;
				CURRENT_PROJECT_VERSION = 1;
				GENERATE_INFOPLIST_FILE = YES;
				IPHONEOS_DEPLOYMENT_TARGET = 16.2;
				MARKETING_VERSION = 1.0;
				PRODUCT_BUNDLE_IDENTIFIER = com.djordjevujicicpraksa.com.CryptoWalletTests;
				PRODUCT_NAME = "$(TARGET_NAME)";
				SWIFT_EMIT_LOC_STRINGS = NO;
				SWIFT_VERSION = 5.0;
				TARGETED_DEVICE_FAMILY = "1,2";
				TEST_HOST = "$(BUILT_PRODUCTS_DIR)/CryptoWallet.app/$(BUNDLE_EXECUTABLE_FOLDER_PATH)/CryptoWallet";
			};
			name = Debug;
		};
		C3CAA51A2A657BCF00C1D3B7 /* Release */ = {
			isa = XCBuildConfiguration;
			buildSettings = {
				ALWAYS_EMBED_SWIFT_STANDARD_LIBRARIES = YES;
				BUNDLE_LOADER = "$(TEST_HOST)";
				CODE_SIGN_STYLE = Automatic;
				CURRENT_PROJECT_VERSION = 1;
				GENERATE_INFOPLIST_FILE = YES;
				IPHONEOS_DEPLOYMENT_TARGET = 16.2;
				MARKETING_VERSION = 1.0;
				PRODUCT_BUNDLE_IDENTIFIER = com.djordjevujicicpraksa.com.CryptoWalletTests;
				PRODUCT_NAME = "$(TARGET_NAME)";
				SWIFT_EMIT_LOC_STRINGS = NO;
				SWIFT_VERSION = 5.0;
				TARGETED_DEVICE_FAMILY = "1,2";
				TEST_HOST = "$(BUILT_PRODUCTS_DIR)/CryptoWallet.app/$(BUNDLE_EXECUTABLE_FOLDER_PATH)/CryptoWallet";
			};
			name = Release;
		};
		C3CAA51C2A657BCF00C1D3B7 /* Debug */ = {
			isa = XCBuildConfiguration;
			buildSettings = {
				ALWAYS_EMBED_SWIFT_STANDARD_LIBRARIES = YES;
				CODE_SIGN_STYLE = Automatic;
				CURRENT_PROJECT_VERSION = 1;
				GENERATE_INFOPLIST_FILE = YES;
				MARKETING_VERSION = 1.0;
				PRODUCT_BUNDLE_IDENTIFIER = com.djordjevujicicpraksa.com.CryptoWalletUITests;
				PRODUCT_NAME = "$(TARGET_NAME)";
				SWIFT_EMIT_LOC_STRINGS = NO;
				SWIFT_VERSION = 5.0;
				TARGETED_DEVICE_FAMILY = "1,2";
				TEST_TARGET_NAME = CryptoWallet;
			};
			name = Debug;
		};
		C3CAA51D2A657BCF00C1D3B7 /* Release */ = {
			isa = XCBuildConfiguration;
			buildSettings = {
				ALWAYS_EMBED_SWIFT_STANDARD_LIBRARIES = YES;
				CODE_SIGN_STYLE = Automatic;
				CURRENT_PROJECT_VERSION = 1;
				GENERATE_INFOPLIST_FILE = YES;
				MARKETING_VERSION = 1.0;
				PRODUCT_BUNDLE_IDENTIFIER = com.djordjevujicicpraksa.com.CryptoWalletUITests;
				PRODUCT_NAME = "$(TARGET_NAME)";
				SWIFT_EMIT_LOC_STRINGS = NO;
				SWIFT_VERSION = 5.0;
				TARGETED_DEVICE_FAMILY = "1,2";
				TEST_TARGET_NAME = CryptoWallet;
			};
			name = Release;
		};
/* End XCBuildConfiguration section */

/* Begin XCConfigurationList section */
		C3CAA4EC2A657BCE00C1D3B7 /* Build configuration list for PBXProject "CryptoWallet" */ = {
			isa = XCConfigurationList;
			buildConfigurations = (
				C3CAA5132A657BCF00C1D3B7 /* Debug */,
				C3CAA5142A657BCF00C1D3B7 /* Release */,
			);
			defaultConfigurationIsVisible = 0;
			defaultConfigurationName = Release;
		};
		C3CAA5152A657BCF00C1D3B7 /* Build configuration list for PBXNativeTarget "CryptoWallet" */ = {
			isa = XCConfigurationList;
			buildConfigurations = (
				C3CAA5162A657BCF00C1D3B7 /* Debug */,
				C3CAA5172A657BCF00C1D3B7 /* Release */,
			);
			defaultConfigurationIsVisible = 0;
			defaultConfigurationName = Release;
		};
		C3CAA5182A657BCF00C1D3B7 /* Build configuration list for PBXNativeTarget "CryptoWalletTests" */ = {
			isa = XCConfigurationList;
			buildConfigurations = (
				C3CAA5192A657BCF00C1D3B7 /* Debug */,
				C3CAA51A2A657BCF00C1D3B7 /* Release */,
			);
			defaultConfigurationIsVisible = 0;
			defaultConfigurationName = Release;
		};
		C3CAA51B2A657BCF00C1D3B7 /* Build configuration list for PBXNativeTarget "CryptoWalletUITests" */ = {
			isa = XCConfigurationList;
			buildConfigurations = (
				C3CAA51C2A657BCF00C1D3B7 /* Debug */,
				C3CAA51D2A657BCF00C1D3B7 /* Release */,
			);
			defaultConfigurationIsVisible = 0;
			defaultConfigurationName = Release;
		};
/* End XCConfigurationList section */

/* Begin XCRemoteSwiftPackageReference section */
		C33A0C5A2A72978900BEBA38 /* XCRemoteSwiftPackageReference "realm-swift" */ = {
			isa = XCRemoteSwiftPackageReference;
			repositoryURL = "https://github.com/realm/realm-swift.git";
			requirement = {
				kind = upToNextMajorVersion;
				minimumVersion = 10.41.1;
			};
		};
		C3E861462A6818E90076591B /* XCRemoteSwiftPackageReference "Alamofire" */ = {
			isa = XCRemoteSwiftPackageReference;
			repositoryURL = "https://github.com/Alamofire/Alamofire.git";
			requirement = {
				kind = upToNextMajorVersion;
				minimumVersion = 5.0.0;
			};
		};
/* End XCRemoteSwiftPackageReference section */

/* Begin XCSwiftPackageProductDependency section */
		C33A0C5B2A72978900BEBA38 /* Realm */ = {
			isa = XCSwiftPackageProductDependency;
			package = C33A0C5A2A72978900BEBA38 /* XCRemoteSwiftPackageReference "realm-swift" */;
			productName = Realm;
		};
		C33A0C5D2A72978900BEBA38 /* RealmSwift */ = {
			isa = XCSwiftPackageProductDependency;
			package = C33A0C5A2A72978900BEBA38 /* XCRemoteSwiftPackageReference "realm-swift" */;
			productName = RealmSwift;
		};
		C3E861472A6818E90076591B /* Alamofire */ = {
			isa = XCSwiftPackageProductDependency;
			package = C3E861462A6818E90076591B /* XCRemoteSwiftPackageReference "Alamofire" */;
			productName = Alamofire;
		};
/* End XCSwiftPackageProductDependency section */
	};
	rootObject = C3CAA4E92A657BCE00C1D3B7 /* Project object */;
}
